{"SurveyEntry":{"SurveyID":"SV_6DX10JIQ95KWbjg","SurveyName":"MUE 705 Listening Study","SurveyDescription":null,"SurveyOwnerID":"UR_bBJB8D3mShYP1ci","SurveyBrandID":"umiami","DivisionID":null,"SurveyLanguage":"EN","SurveyActiveResponseSet":"RS_4SGV3TsrlPJb6DA","SurveyStatus":"Active","SurveyStartDate":"0000-00-00 00:00:00","SurveyExpirationDate":"0000-00-00 00:00:00","SurveyCreationDate":"2025-10-13 19:14:35","CreatorID":"UR_bBJB8D3mShYP1ci","LastModified":"2026-01-21 09:06:01","LastAccessed":"0000-00-00 00:00:00","LastActivated":"2025-11-11 06:22:44","Deleted":null},"SurveyElements":[{"SurveyID":"SV_6DX10JIQ95KWbjg","Element":"BL","PrimaryAttribute":"Survey Blocks","SecondaryAttribute":null,"TertiaryAttribute":null,"Payload":{"0":{"Type":"Default","Description":"Participant Demographics","ID":"BL_a9MBnRgfTKk3Tx4","BlockElements":[{"Type":"Question","QuestionID":"QID2"},{"Type":"Question","QuestionID":"QID3"}],"Options":{"BlockLocking":"false","RandomizeQuestions":"false","BlockVisibility":"Collapsed"}},"1":{"Type":"Trash","Description":"Trash \/ Unused Questions","ID":"BL_3aXeXTbqax7092m","BlockElements":[]},"2":{"Type":"Standard","SubType":"","Description":"Consent","ID":"BL_eyN4ki0za0fRfFk","BlockElements":[{"Type":"Question","QuestionID":"QID20"},{"Type":"Question","QuestionID":"QID43"}],"Options":{"BlockLocking":"false","RandomizeQuestions":"false","BlockVisibility":"Collapsed"}},"4":{"Type":"Standard","SubType":"","Description":"Pre-Test Questions","ID":"BL_cTIrQ57KvSxOMGG","BlockElements":[{"Type":"Question","QuestionID":"QID44"},{"Type":"Question","QuestionID":"QID15"},{"Type":"Question","QuestionID":"QID18"},{"Type":"Question","QuestionID":"QID21"}],"Options":{"BlockLocking":"false","RandomizeQuestions":"false","BlockVisibility":"Collapsed"}},"5":{"Type":"Standard","SubType":"","Description":"Drums","ID":"BL_77nZbUqlFH9PB2K","BlockElements":[{"Type":"Question","QuestionID":"QID25"},{"Type":"Question","QuestionID":"QID26"}],"Options":{"BlockLocking":false,"RandomizeQuestions":"false","BlockVisibility":"Collapsed"}},"6":{"Type":"Standard","SubType":"","Description":"Other\/Instrumental","ID":"BL_9zwGeFxv2CRATlQ","BlockElements":[{"Type":"Question","QuestionID":"QID27"},{"Type":"Question","QuestionID":"QID28"}],"Options":{"BlockLocking":false,"RandomizeQuestions":"false","BlockVisibility":"Expanded"}},"7":{"Type":"Standard","SubType":"","Description":"Bass","ID":"BL_1ZffiMUmIR2IlSe","BlockElements":[{"Type":"Question","QuestionID":"QID29"},{"Type":"Question","QuestionID":"QID30"}],"Options":{"BlockLocking":false,"RandomizeQuestions":"false","BlockVisibility":"Expanded"}},"8":{"Type":"Standard","SubType":"","Description":"TF_Bass","ID":"BL_9GDjfHH9HehK0D4","BlockElements":[{"Type":"Question","QuestionID":"QID31"},{"Type":"Question","QuestionID":"QID32"}],"Options":{"BlockLocking":false,"RandomizeQuestions":"false","BlockVisibility":"Expanded"}},"9":{"Type":"Standard","SubType":"","Description":"Monstaclat_Drums","ID":"BL_6MuXOAygISHPkge","BlockElements":[{"Type":"Question","QuestionID":"QID33"},{"Type":"Question","QuestionID":"QID34"}],"Options":{"BlockLocking":false,"RandomizeQuestions":"false","BlockVisibility":"Expanded"}},"10":{"Type":"Standard","SubType":"","Description":"JG_Bass","ID":"BL_eDQhYCTOdIUrPuu","BlockElements":[{"Type":"Question","QuestionID":"QID35"},{"Type":"Question","QuestionID":"QID36"}],"Options":{"BlockLocking":false,"RandomizeQuestions":"false","BlockVisibility":"Expanded"}},"11":{"Type":"Standard","SubType":"","Description":"NoGravity_Drums","ID":"BL_6FmRsdhWLPnZRbM","BlockElements":[{"Type":"Question","QuestionID":"QID37"},{"Type":"Question","QuestionID":"QID38"}],"Options":{"BlockLocking":false,"RandomizeQuestions":"false","BlockVisibility":"Expanded"}},"12":{"Type":"Standard","SubType":"","Description":"Celebrate_Bass","ID":"BL_bHiFsM1xMSadQs6","BlockElements":[{"Type":"Question","QuestionID":"QID39"},{"Type":"Question","QuestionID":"QID40"}],"Options":{"BlockLocking":false,"RandomizeQuestions":"false","BlockVisibility":"Expanded"}},"13":{"Type":"Standard","SubType":"","Description":"DropNoir_Drums","ID":"BL_8H6Z1JdIST0b8Oi","BlockElements":[{"Type":"Question","QuestionID":"QID41"},{"Type":"Question","QuestionID":"QID42"}],"Options":{"BlockLocking":false,"RandomizeQuestions":"false","BlockVisibility":"Expanded"}},"14":{"Type":"Standard","SubType":"","Description":"Validation","ID":"BL_bQRKCZucodQjUYC","BlockElements":[{"Type":"Question","QuestionID":"QID45"}],"Options":{"BlockLocking":"false","RandomizeQuestions":"false","BlockVisibility":"Collapsed"}},"15":{"Type":"Standard","SubType":"","Description":"General_Demographics","ID":"BL_8G7pReQ9uCPo8QK","BlockElements":[{"Type":"Question","QuestionID":"QID46"},{"Type":"Question","QuestionID":"QID47"}],"Options":{"BlockLocking":"false","RandomizeQuestions":"false","BlockVisibility":"Collapsed"}}}},{"SurveyID":"SV_6DX10JIQ95KWbjg","Element":"FL","PrimaryAttribute":"Survey Flow","SecondaryAttribute":null,"TertiaryAttribute":null,"Payload":{"Type":"Root","FlowID":"FL_1","Flow":[{"Type":"Group","FlowID":"FL_5","Description":"Consent Form + Survey Outline","Flow":[{"Type":"Block","ID":"BL_eyN4ki0za0fRfFk","FlowID":"FL_7","Autofill":[]},{"ID":"BL_8G7pReQ9uCPo8QK","Type":"Standard","FlowID":"FL_28"},{"Type":"Block","ID":"BL_cTIrQ57KvSxOMGG","FlowID":"FL_11","Autofill":[]},{"Type":"BlockRandomizer","FlowID":"FL_14","SubSet":6,"Flow":[{"Type":"Standard","ID":"BL_6FmRsdhWLPnZRbM","FlowID":"FL_23","Autofill":[]},{"Type":"Standard","ID":"BL_6MuXOAygISHPkge","FlowID":"FL_21","Autofill":[]},{"Type":"Standard","ID":"BL_bHiFsM1xMSadQs6","FlowID":"FL_24","Autofill":[]},{"Type":"Standard","ID":"BL_eDQhYCTOdIUrPuu","FlowID":"FL_22","Autofill":[]},{"Type":"Standard","ID":"BL_9GDjfHH9HehK0D4","FlowID":"FL_20","Autofill":[]},{"Type":"Block","ID":"BL_8H6Z1JdIST0b8Oi","FlowID":"FL_25","Autofill":[]}]},{"Type":"Block","FlowID":"FL_26","Autofill":[]}]},{"Type":"Standard","ID":"BL_bQRKCZucodQjUYC","FlowID":"FL_27","Autofill":[]}],"Properties":{"Count":28}}},{"SurveyID":"SV_6DX10JIQ95KWbjg","Element":"PL","PrimaryAttribute":"Preview Link","SecondaryAttribute":null,"TertiaryAttribute":null,"Payload":{"PreviewType":"Brand","PreviewID":"6feff21d-fd8d-45d0-8c24-f160149606fc"}},{"SurveyID":"SV_6DX10JIQ95KWbjg","Element":"PROJ","PrimaryAttribute":"CORE","SecondaryAttribute":null,"TertiaryAttribute":"1.1.0","Payload":{"ProjectCategory":"CORE","SchemaVersion":"1.1.0"}},{"SurveyID":"SV_6DX10JIQ95KWbjg","Element":"QC","PrimaryAttribute":"Survey Question Count","SecondaryAttribute":"47","TertiaryAttribute":null,"Payload":null},{"SurveyID":"SV_6DX10JIQ95KWbjg","Element":"RS","PrimaryAttribute":"RS_4SGV3TsrlPJb6DA","SecondaryAttribute":"Default Response Set","TertiaryAttribute":null,"Payload":null},{"SurveyID":"SV_6DX10JIQ95KWbjg","Element":"SCO","PrimaryAttribute":"Scoring","SecondaryAttribute":null,"TertiaryAttribute":null,"Payload":{"ScoringCategories":[],"ScoringCategoryGroups":[],"ScoringSummaryCategory":null,"ScoringSummaryAfterQuestions":0,"ScoringSummaryAfterSurvey":0,"DefaultScoringCategory":null,"AutoScoringCategory":null}},{"SurveyID":"SV_6DX10JIQ95KWbjg","Element":"SO","PrimaryAttribute":"Survey Options","SecondaryAttribute":null,"TertiaryAttribute":null,"Payload":{"BackButton":"false","SaveAndContinue":"true","SurveyProtection":"PublicSurvey","BallotBoxStuffingPrevention":"false","NoIndex":"Yes","SecureResponseFiles":"true","SurveyExpiration":"None","SurveyTermination":"DefaultMessage","Header":"","Footer":"","ProgressBarDisplay":"None","PartialData":"+1 week","ValidationMessage":null,"PreviousButton":" \u2190 ","NextButton":" \u2192 ","SurveyTitle":"Sahan Wijewardane - MUE 705 Survey","SkinLibrary":"umiami","SkinType":"templated","Skin":{"brandingId":"2951967838","templateId":"*base","overrides":null},"NewScoring":1,"SurveyMetaDescription":"A perceptual listening study on music source separation, done for the MUE 705 course in Fall 2025","SurveyName":"MUE 705 Listening Study","EOSMessage":null,"ShowExportTags":"false","CollectGeoLocation":"false","PasswordProtection":"No","AnonymizeResponse":"No","RefererCheck":"No","BallotBoxStuffingPreventionBehavior":null,"BallotBoxStuffingPreventionMessage":null,"BallotBoxStuffingPreventionMessageLibrary":null,"BallotBoxStuffingPreventionURL":null,"RecaptchaV3":"false","ConfirmStart":false,"AutoConfirmStart":false,"RelevantID":"false","RelevantIDLockoutPeriod":"+30 days","UseCustomSurveyLinkCompletedMessage":null,"SurveyLinkCompletedMessage":null,"SurveyLinkCompletedMessageLibrary":null,"ResponseSummary":"No","EOSMessageLibrary":null,"EOSRedirectURL":"http:\/\/","EmailThankYou":"false","ThankYouEmailMessageLibrary":null,"ThankYouEmailMessage":null,"ValidateMessage":"false","ValidationMessageLibrary":null,"InactiveSurvey":"DefaultMessage","PartialDeletion":null,"PartialDataCloseAfter":"LastActivity","InactiveMessageLibrary":null,"InactiveMessage":null,"AvailableLanguages":{"EN":[]},"ProtectSelectionIds":true}},{"SurveyID":"SV_6DX10JIQ95KWbjg","Element":"SQ","PrimaryAttribute":"QID15","SecondaryAttribute":"Rate the quality of your listening environment, from 1 (dreadful) to 5 (pristine):","TertiaryAttribute":null,"Payload":{"QuestionText":"Rate the quality of your listening environment, from 1 (dreadful) to 5 (pristine):","DefaultChoices":false,"DataExportTag":"Environment_Quality","QuestionType":"Slider","Selector":"HSLIDER","DataVisibility":{"Private":false,"Hidden":false},"Configuration":{"QuestionDescriptionOption":"UseText","CSSliderMin":1,"CSSliderMax":5,"GridLines":4,"SnapToGrid":true,"NumDecimals":"0","ShowValue":true,"CustomStart":true,"NotApplicable":false,"MobileFirst":true,"SliderStartPositions":{"1":0}},"QuestionDescription":"Rate the quality of your listening environment, from 1 (dreadful) to 5 (pristine):","Choices":{"1":{"Display":"Quality of Listening Environment"}},"ChoiceOrder":[1],"Validation":{"Settings":{"ForceResponse":"ON","ForceResponseType":"ON","Type":"None"}},"GradingData":[],"Language":[],"NextChoiceId":6,"NextAnswerId":6,"Labels":{"1":{"Display":"Dreadful"},"2":{"Display":"Subpar"},"3":{"Display":"Neutral"},"4":{"Display":"Good"},"5":{"Display":"Pristine"}},"QuestionID":"QID15","Answers":{"1":{"Display":1},"2":{"Display":2},"3":{"Display":3},"4":{"Display":4},"5":{"Display":5}}}},{"SurveyID":"SV_6DX10JIQ95KWbjg","Element":"SQ","PrimaryAttribute":"QID18","SecondaryAttribute":"Rate your familiarity with music source separation, from 1 (Completely unfamiliar) to 5 (Extremel...","TertiaryAttribute":null,"Payload":{"QuestionText":"Rate your familiarity with music source separation, from 1 (Completely unfamiliar) to 5 (Extremely familiar):","DefaultChoices":false,"DataExportTag":"MSS_Familiarity","QuestionType":"Slider","Selector":"HSLIDER","DataVisibility":{"Private":false,"Hidden":false},"Configuration":{"QuestionDescriptionOption":"UseText","CSSliderMin":1,"CSSliderMax":5,"GridLines":4,"SnapToGrid":true,"NumDecimals":"0","ShowValue":true,"CustomStart":true,"SliderStartPositions":{"1":0},"NotApplicable":false,"MobileFirst":true},"QuestionDescription":"Rate your familiarity with music source separation, from 1 (Completely unfamiliar) to 5 (Extremel...","Choices":{"1":{"Display":"Familiarity with music source separation"}},"ChoiceOrder":[1],"Validation":{"Settings":{"ForceResponse":"ON","ForceResponseType":"ON","Type":"None"}},"GradingData":[],"Language":[],"NextChoiceId":6,"NextAnswerId":6,"Labels":{"1":{"Display":"Completely unfamiliar"},"2":{"Display":"Somewhat unfamiliar"},"3":{"Display":"Neutral"},"4":{"Display":"Somewhat familiar"},"5":{"Display":"Extremely familiar"}},"Answers":{"1":{"Display":1},"2":{"Display":2},"3":{"Display":3},"4":{"Display":4},"5":{"Display":5}},"QuestionID":"QID18"}},{"SurveyID":"SV_6DX10JIQ95KWbjg","Element":"SQ","PrimaryAttribute":"QID2","SecondaryAttribute":"How old are you?","TertiaryAttribute":null,"Payload":{"ChoiceOrder":[1,2,3,4,5,6,7],"Choices":{"1":{"Display":"Under 18"},"2":{"Display":"18-24 years old"},"3":{"Display":"25-34 years old"},"4":{"Display":"35-44 years old"},"5":{"Display":"45-54 years old"},"6":{"Display":"55-64 years old"},"7":{"Display":"65+ years old"}},"Configuration":{"QuestionDescriptionOption":"UseText"},"DataVisibility":{"Hidden":false,"Private":false},"GradingData":[],"Language":{"DE":{"QuestionText":"Alter","Choices":{"1":{"Display":"Unter 18"},"2":{"Display":"18-24 Jahre"},"3":{"Display":"25-34 Jahre"},"4":{"Display":"35-44 Jahre"},"5":{"Display":"45-54 Jahre"},"6":{"Display":"55-64 Jahre"},"7":{"Display":"Ab 65 Jahre"}}},"EN-GB":{"QuestionText":"How old are you?","Choices":{"1":{"Display":"Under 18"},"2":{"Display":"18-24 years old"},"3":{"Display":"25-34 years old"},"4":{"Display":"35-44 years old"},"5":{"Display":"45-54 years old"},"6":{"Display":"55-64 years old"},"7":{"Display":"65+ years old"}}},"ES":{"QuestionText":"\u00bfQu\u00e9 edad tiene?","Choices":{"1":{"Display":"Menor de 18"},"2":{"Display":"Entre 18 y 24 a\u00f1os de edad"},"3":{"Display":"Entre 25 y 34 a\u00f1os de edad"},"4":{"Display":"Entre 35 y 44 a\u00f1os de edad"},"5":{"Display":"Entre 45 y 54 a\u00f1os de edad"},"6":{"Display":"Entre 55 y 64 a\u00f1os de edad"},"7":{"Display":"M\u00e1s de 65 a\u00f1os de edad"}}},"ES-ES":{"QuestionText":"\u00bfQu\u00e9 edad tiene?","Choices":{"1":{"Display":"Menos de 18\u00a0a\u00f1os"},"2":{"Display":"18-24 a\u00f1os"},"3":{"Display":"25-34 a\u00f1os"},"4":{"Display":"35-44 a\u00f1os"},"5":{"Display":"45-54 a\u00f1os"},"6":{"Display":"55-64 a\u00f1os"},"7":{"Display":"+65 a\u00f1os"}}},"FR":{"QuestionText":"Quel \u00e2ge avez-vous\u00a0?","Choices":{"1":{"Display":"Moins de 18\u00a0ans"},"2":{"Display":"Entre 18 et 24 ans"},"3":{"Display":"Entre 25 et 34 ans"},"4":{"Display":"Entre 35 et 44 ans"},"5":{"Display":"Entre 45 et 54 ans"},"6":{"Display":"Entre 55 et 64 ans"},"7":{"Display":"+ de 65 ans"}}},"IT":{"QuestionText":"Quanti anni hai?","Choices":{"1":{"Display":"Meno di 18 anni"},"2":{"Display":"18-24 anni"},"3":{"Display":"25-34 anni"},"4":{"Display":"35-44 anni"},"5":{"Display":"45-54 anni"},"6":{"Display":"55-64 anni"},"7":{"Display":"Dai 65 anni in su"}}},"JA":{"QuestionText":"\u5e74\u9f62\u3092\u304a\u7b54\u3048\u304f\u3060\u3055\u3044\u3002","Choices":{"1":{"Display":"17\u6b73\u4ee5\u4e0b"},"2":{"Display":"18-24\u6b73"},"3":{"Display":"25-34\u6b73"},"4":{"Display":"35-44\u6b73"},"5":{"Display":"45-54\u6b73"},"6":{"Display":"55-64\u6b73"},"7":{"Display":"65\u6b73\u4ee5\u4e0a"}}},"KO":{"QuestionText":"\ub098\uc774\ub294 \uba87 \uc0b4\uc785\ub2c8\uae4c?","Choices":{"1":{"Display":"\ub9cc 18\uc138 \ubbf8\ub9cc"},"2":{"Display":"18~24\uc138"},"3":{"Display":"25~34\uc138"},"4":{"Display":"35~44\uc138"},"5":{"Display":"45~54\uc138"},"6":{"Display":"55~64\uc138"},"7":{"Display":"65\uc138 \uc774\uc0c1"}}},"NL":{"QuestionText":"Hoe oud bent u?","Choices":{"1":{"Display":"Jonger dan 18"},"2":{"Display":"18-24 jaar"},"3":{"Display":"25-34 jaar"},"4":{"Display":"35-44 jaar"},"5":{"Display":"45-54 jaar"},"6":{"Display":"55-64 jaar"},"7":{"Display":"65+"}}},"PT-BR":{"QuestionText":"Qual \u00e9 a sua idade?","Choices":{"1":{"Display":"Menos de 18"},"2":{"Display":"18 a 24 anos"},"3":{"Display":"25 a 34 anos"},"4":{"Display":"35 a 44 anos"},"5":{"Display":"45 a 54 anos"},"6":{"Display":"55 a 64 anos"},"7":{"Display":"65 anos ou mais"}}},"ZH-S":{"QuestionText":"\u60a8\u7684\u5e74\u9f84\u662f\uff1f","Choices":{"1":{"Display":"18 \u5c81\u4ee5\u4e0b"},"2":{"Display":"18-24 \u5c81"},"3":{"Display":"25-34 \u5c81"},"4":{"Display":"35-44 \u5c81"},"5":{"Display":"45-54 \u5c81"},"6":{"Display":"55-64 \u5c81"},"7":{"Display":"65 \u5c81\u4ee5\u4e0a"}}},"ZH-T":{"QuestionText":"\u60a8\u5e7e\u6b72\uff1f","Choices":{"1":{"Display":"\u4e0d\u5230 18 \u6b72"},"2":{"Display":"18-24 \u6b72"},"3":{"Display":"25-34 \u6b72"},"4":{"Display":"35-44 \u6b72"},"5":{"Display":"45-54 \u6b72"},"6":{"Display":"55-64 \u6b72"},"7":{"Display":"65 \u6b72\u4ee5\u4e0a"}}}},"NextAnswerId":1,"NextChoiceId":8,"QuestionDescription":"How old are you?","QuestionText":"How old are you?","QuestionText_Unsafe":"How old are you?","QuestionType":"MC","ReferenceQuestionConfig":{"instanceOf":{"id":"RQ_OhWcN0iu9Pioww2","version":"v2.0.0"}},"SchemaConfig":{"ChoiceMapping":{"1":"enu:\/\/lessthan18","2":"enu:\/\/18-24","3":"enu:\/\/25-34","4":"enu:\/\/35-44","5":"enu:\/\/45-54","6":"enu:\/\/55-64","7":"enu:\/\/65andolder"},"ChoiceMappingType":"Member","ConfigVersion":"1.0.0","Reconfirm":true,"URL":"ses:\/\/agerange","XMDConnect":true},"Selector":"SAVR","SubSelector":"TX","Validation":{"Settings":{"ForceResponse":"ON","ForceResponseType":"ON","Type":"None"}},"DataExportTag":"Q1","QuestionID":"QID2"}},{"SurveyID":"SV_6DX10JIQ95KWbjg","Element":"SQ","PrimaryAttribute":"QID20","SecondaryAttribute":"ELECTRONIC CONSENT FORM Hello, my name is Sahan Wijewardane and I am currently conducting a resea...","TertiaryAttribute":null,"Payload":{"QuestionText":"<div style=\"text-align: center;\">ELECTRONIC CONSENT FORM<\/div>\n<br>\nHello, my name is Sahan Wijewardane and I am currently conducting a research study for the MUE 705 \u201cCurrent Trends in Music Engineering\u201d class, alongside supervision from Dr. Tom Collins.\n<div style=\"text-align: center;\"><br>\nPURPOSE OF STUDY:<\/div>\nWe are asking you to take part in a research study to learn more about the correlation between objective and subjective evaluations of music source separation (MSS) model performance. You will be asked to take part in a Qualtrics survey using a computer or phone. Throughout the study, you will be asked to rate audio stimuli based on a few criteria, including presence of external artifacts and overall quality. The given audio stimuli will consist of one of two categories (bass or drums). There will also be some questions asking you to report on the quality of your listening environment and your familiarity with the technologies involved.<br>\n<br>\nRisks involved in participating in this study are as follows:\n<div style=\"text-align: center;\">\u2022 You may become bored or irritated because of the length of the study.<\/div>\n\n<div style=\"text-align: center;\">\u2022 You may be fatigued by repeated listening to audio stimuli<\/div>\nBenefits involved in participating in this study are as follows:\n\n<div style=\"text-align: center;\">\u2022 Being a part of a study that aims to shed light on a significant and timely topic<\/div>\n<br>\nYou will not be paid for participating in this research study. The study is private. The researchers will not share what they learn about you in a way that is tied to your identity. The researchers working on the study and the part of the government that makes the rules about research will need to see what is learned, but they are not allowed to tell anyone about you. If you are a student, your decision not to join this study or to withdraw from the study will not affect your grades or other academic standings at the University of Miami. If you are an employee of the University of Miami (UM), your decision not to join this study or to withdraw from the study will not affect your employment at the University of Miami System. Study responses will be kept private and anonymous. We will not store your name or any other personal information. Your participation is voluntary. You can decline to participate, and you can stop your participation at any time, if you wish to do so, without any negative consequences to you. By checking the box below, you consent to participate in this research project.<br>\n<br>\nIf you have any questions or concerns about the research, please feel free to contact me at sxw1454@miami.edu or the principal investigator, Dr. Tom Collins, at tom.collins@miami.edu If you have questions regarding your rights as a research participant, contact the University of Miami, Human Subject Research Office at (305) 243-3195.","DefaultChoices":false,"DataExportTag":"Consent","QuestionType":"MC","Selector":"SAVR","SubSelector":"TX","DataVisibility":{"Private":false,"Hidden":false},"Configuration":{"QuestionDescriptionOption":"UseText"},"QuestionDescription":"ELECTRONIC CONSENT FORM Hello, my name is Sahan Wijewardane and I am currently conducting a resea...","Choices":{"1":{"Display":"I have read and understand the above information and consent to participate in this study"}},"ChoiceOrder":[1],"Validation":{"Settings":{"ForceResponse":"ON","ForceResponseType":"ON","Type":"None"}},"GradingData":[],"Language":[],"NextChoiceId":2,"NextAnswerId":1,"QuestionID":"QID20"}},{"SurveyID":"SV_6DX10JIQ95KWbjg","Element":"SQ","PrimaryAttribute":"QID21","SecondaryAttribute":"Rate your familiarity with assessing the quality of audio recordings, from 1 (Completely unfamili...","TertiaryAttribute":null,"Payload":{"QuestionText":"Rate your familiarity with assessing the quality of audio recordings, from 1 (Completely unfamiliar) to 5 (Extremely familiar):","DefaultChoices":false,"DataExportTag":"Assessment_Familiari","QuestionType":"Slider","Selector":"HSLIDER","DataVisibility":{"Private":false,"Hidden":false},"Configuration":{"QuestionDescriptionOption":"UseText","CSSliderMin":1,"CSSliderMax":5,"GridLines":4,"SnapToGrid":true,"NumDecimals":"0","ShowValue":true,"CustomStart":true,"SliderStartPositions":{"1":0},"NotApplicable":false,"MobileFirst":true},"QuestionDescription":"Rate your familiarity with assessing the quality of audio recordings, from 1 (Completely unfamili...","Choices":{"1":{"Display":"Familiarity with audio quality assessment"}},"ChoiceOrder":[1],"Validation":{"Settings":{"ForceResponse":"ON","ForceResponseType":"ON","Type":"None"}},"GradingData":[],"Language":[],"NextChoiceId":6,"NextAnswerId":6,"Labels":{"1":{"Display":"Completely unfamiliar"},"2":{"Display":"Somewhat unfamiliar"},"3":{"Display":"Neutral"},"4":{"Display":"Somewhat familiar"},"5":{"Display":"Extremely familiar"}},"Answers":{"1":{"Display":1},"2":{"Display":2},"3":{"Display":3},"4":{"Display":4},"5":{"Display":5}},"QuestionID":"QID21"}},{"SurveyID":"SV_6DX10JIQ95KWbjg","Element":"SQ","PrimaryAttribute":"QID25","SecondaryAttribute":"Listen to this excerpt from an original mix:","TertiaryAttribute":null,"Payload":{"QuestionText":"<div style=\"text-align: center;\">Listen to this excerpt from an original mix:<br><br><\/div>","DefaultChoices":false,"QuestionType":"DB","Selector":"TB","DataVisibility":{"Private":false,"Hidden":false},"Configuration":{"QuestionDescriptionOption":"UseText"},"QuestionDescription":"Listen to this excerpt from an original mix:","ChoiceOrder":[],"Validation":{"Settings":{"Type":"None"}},"GradingData":[],"Language":[],"NextChoiceId":4,"NextAnswerId":1,"QuestionText_Unsafe":"<div style=\"text-align: center;\">Listen to this excerpt from an original mix:<br \/>\n&nbsp;<\/div>\n\n<audio class=\"qmedia\" controls=\"true\" height=\"40\" preload=\"auto\" width=\"320\">\n<div style=\"text-align: center;\">&nbsp;<\/div>\n<br \/>\n<source src=\"https:\/\/umiami.qualtrics.com\/CP\/File.php?F=F_5WqSUYAOdMYavPM\" type=\"audio\/wav\" \/><\/audio>","DataExportTag":"Q25","QuestionID":"QID25"}},{"SurveyID":"SV_6DX10JIQ95KWbjg","Element":"SQ","PrimaryAttribute":"QID26","SecondaryAttribute":"Please listen to each of the separated drums sources below. Then use the text input to give each...","TertiaryAttribute":null,"Payload":{"QuestionText":"Please listen to each of the separated <u><em><strong>drums<\/strong><\/em><\/u> sources below. Then use the text input to give each a numerical rating,&nbsp;from 0 (Bad) to 100 (Excellent).&nbsp;Consider both the presence of external artifacts and the overall audio quality.&nbsp; Play each audio clip as often as you need. There are no right\/wrong answers &mdash; use your perception.","DefaultChoices":false,"QuestionType":"Matrix","Selector":"TE","DataVisibility":{"Private":false,"Hidden":false},"Configuration":{"QuestionDescriptionOption":"UseText","TextPosition":"inline","ChoiceColumnWidth":25,"RepeatHeaders":"none","MobileFirst":false},"QuestionDescription":"Please listen to each of the separated drums sources below. Then use the text input to give each...","Choices":{"1":{"Display":"HT Demucs"},"2":{"Display":"Reference"},"3":{"Display":"Spleeter"},"4":{"Display":"Anchor"},"5":{"Display":"Dv2"}},"ChoiceOrder":[1,2,3,4,5],"GradingData":[],"Language":[],"NextChoiceId":6,"NextAnswerId":2,"Answers":{"1":{"Display":"Rating","ExclusiveAnswer":true}},"AnswerOrder":[1],"ChoiceDataExportTags":false,"AnswerColumns":1,"ClarifyingSymbolType":"None","SubSelector":"Short","Validation":{"Settings":{"ForceResponse":"RequestResponse","ForceResponseType":"RequestResponse"}},"QuestionText_Unsafe":"Please listen to each of the separated <strong><u><em>bass <\/em><\/u><\/strong>sources below. Then use the text input to give each a numerical rating,&nbsp;from 0 (Bad) to 100 (Excellent).&nbsp;Consider both the presence of external artifacts and the overall audio quality.&nbsp; Play each audio clip as often as you need. There are no right\/wrong answers &mdash; use your perception.","DataExportTag":"Q26","QuestionID":"QID26"}},{"SurveyID":"SV_6DX10JIQ95KWbjg","Element":"SQ","PrimaryAttribute":"QID27","SecondaryAttribute":"Listen to this excerpt from an original mix:","TertiaryAttribute":null,"Payload":{"QuestionText":"<div style=\"text-align: center;\">Listen to this excerpt from an original mix:<br><br><\/div>","DefaultChoices":false,"QuestionType":"DB","Selector":"TB","DataVisibility":{"Private":false,"Hidden":false},"Configuration":{"QuestionDescriptionOption":"UseText"},"QuestionDescription":"Listen to this excerpt from an original mix:","ChoiceOrder":[],"Validation":{"Settings":{"Type":"None"}},"GradingData":[],"Language":[],"NextChoiceId":4,"NextAnswerId":1,"QuestionText_Unsafe":"<div style=\"text-align: center;\">Listen to this excerpt from an original mix:<br><br><\/div>","DataExportTag":"Q27","QuestionID":"QID27"}},{"SurveyID":"SV_6DX10JIQ95KWbjg","Element":"SQ","PrimaryAttribute":"QID28","SecondaryAttribute":"Please listen to each of the separated instrumental\/other sources below. Then use the text input...","TertiaryAttribute":null,"Payload":{"QuestionText":"Please listen to each of the separated <b><i><u>instrumental\/other<\/u><\/i><\/b> sources below. Then use the text input to give each a numerical rating,&nbsp;from 0 (Bad) to 100 (Excellent).&nbsp;Consider both the presence of external artifacts and the overall audio quality.&nbsp; Play each audio clip as often as you need. There are no right\/wrong answers &mdash; use your perception.","DefaultChoices":false,"QuestionType":"Matrix","Selector":"TE","DataVisibility":{"Private":false,"Hidden":false},"Configuration":{"QuestionDescriptionOption":"UseText","TextPosition":"inline","ChoiceColumnWidth":25,"RepeatHeaders":"none","MobileFirst":false},"QuestionDescription":"Please listen to each of the separated instrumental\/other sources below. Then use the text input...","Choices":{"1":{"Display":"HT Demucs"},"2":{"Display":"Reference"},"3":{"Display":"Spleeter"},"4":{"Display":"Anchor"},"5":{"Display":"Dv2"}},"ChoiceOrder":[1,2,3,4,5],"GradingData":[],"Language":[],"NextChoiceId":6,"NextAnswerId":2,"Answers":{"1":{"Display":"Rating","ExclusiveAnswer":true}},"AnswerOrder":[1],"ChoiceDataExportTags":{"1":"HTD","2":"Ref","3":"Spl","4":"Anch","5":"Dv2"},"AnswerColumns":1,"ClarifyingSymbolType":"None","SubSelector":"Short","Validation":{"Settings":{"ForceResponse":"RequestResponse","ForceResponseType":"RequestResponse"}},"QuestionText_Unsafe":"Please listen to each of the separated <u><em><strong>drums<\/strong><\/em><\/u> sources below. Then use the text input to give each a numerical rating,&nbsp;from 0 (Bad) to 100 (Excellent).&nbsp;Consider both the presence of external artifacts and the overall audio quality.&nbsp; Play each audio clip as often as you need. There are no right\/wrong answers &mdash; use your perception.","DataExportTag":"Q28","QuestionID":"QID28","Randomization":{"Advanced":null,"Type":"All","TotalRandSubset":""}}},{"SurveyID":"SV_6DX10JIQ95KWbjg","Element":"SQ","PrimaryAttribute":"QID29","SecondaryAttribute":"Listen to this excerpt from an original mix:","TertiaryAttribute":null,"Payload":{"QuestionText":"<div style=\"text-align: center;\">Listen to this excerpt from an original mix:<br><br><\/div>","DefaultChoices":false,"QuestionType":"DB","Selector":"TB","DataVisibility":{"Private":false,"Hidden":false},"Configuration":{"QuestionDescriptionOption":"UseText"},"QuestionDescription":"Listen to this excerpt from an original mix:","ChoiceOrder":[],"Validation":{"Settings":{"Type":"None"}},"GradingData":[],"Language":[],"NextChoiceId":4,"NextAnswerId":1,"QuestionText_Unsafe":"<div style=\"text-align: center;\">Listen to this excerpt from an original mix:<br><br><\/div>","DataExportTag":"Q29","QuestionID":"QID29"}},{"SurveyID":"SV_6DX10JIQ95KWbjg","Element":"SQ","PrimaryAttribute":"QID3","SecondaryAttribute":"How do you describe yourself?","TertiaryAttribute":null,"Payload":{"ChoiceOrder":[1,2,3,4,5],"Choices":{"1":{"Display":"Male"},"2":{"Display":"Female"},"3":{"Display":"Non-binary \/ third gender"},"4":{"Display":"Prefer to self-describe","TextEntry":"true"},"5":{"Display":"Prefer not to say"}},"Configuration":{"QuestionDescriptionOption":"UseText"},"DataVisibility":{"Hidden":false,"Private":false},"GradingData":[],"Language":{"DE":{"QuestionText":"Wie beschreiben Sie sich selbst?","Choices":{"1":{"Display":"M\u00e4nnlich"},"2":{"Display":"Weiblich"},"3":{"Display":"Nichtbin\u00e4r\/drittes Geschlecht"},"4":{"Display":"Selbstbeschreibung bevorzugt"},"5":{"Display":"Keine Angabe"}}},"EN-GB":{"QuestionText":"How do you describe yourself?","Choices":{"1":{"Display":"Male"},"2":{"Display":"Female"},"3":{"Display":"Non-binary \/ third gender"},"4":{"Display":"Prefer to self-describe"},"5":{"Display":"Prefer not to say"}}},"ES":{"QuestionText":"\u00bfC\u00f3mo se describe a usted mismo?","Choices":{"1":{"Display":"Masculino"},"2":{"Display":"Femenino"},"3":{"Display":"No binario \/ tercer sexo"},"4":{"Display":"Preferencia de autodescripci\u00f3n"},"5":{"Display":"Preferencia de no especificar"}}},"ES-ES":{"QuestionText":"\u00bfC\u00f3mo se describe a s\u00ed mismo?","Choices":{"1":{"Display":"Masculino"},"2":{"Display":"Femenino"},"3":{"Display":"No binario \/ tercer g\u00e9nero"},"4":{"Display":"Prefiere autodescribirse"},"5":{"Display":"Prefiero no decirlo"}}},"FR":{"QuestionText":"Comment vous d\u00e9crivez-vous\u00a0?","Choices":{"1":{"Display":"Un homme"},"2":{"Display":"Une femme"},"3":{"Display":"Non-binaire\/transgenre"},"4":{"Display":"Pr\u00e9f\u00e8re se d\u00e9crire soi-m\u00eame"},"5":{"Display":"Ne souhaite pas r\u00e9pondre"}}},"IT":{"QuestionText":"Come descrivi te stesso\/a?","Choices":{"1":{"Display":"Maschio"},"2":{"Display":"Femmina"},"3":{"Display":"Genere non-binario\/Terzo genere"},"4":{"Display":"Preferisco descrivermi personalmente"},"5":{"Display":"Preferisco non dirlo"}}},"JA":{"QuestionText":"\u81ea\u8eab\u306e\u6027\u8a8d\u8b58","Choices":{"1":{"Display":"\u7537\u6027"},"2":{"Display":"\u5973\u6027"},"3":{"Display":"\u30ce\u30f3\u30d0\u30a4\u30ca\u30ea\u30fc\uff0f\u7b2c\u4e09\u306e\u6027\u5225"},"4":{"Display":"\u81ea\u5206\u3067\u8a18\u8ff0\u3059\u308b"},"5":{"Display":"\u56de\u7b54\u3057\u305f\u304f\u306a\u3044"}}},"KO":{"QuestionText":"\ubcf8\uc778\uc744 \uc5b4\ub5bb\uac8c \uc124\uba85\ud558\uc2dc\uaca0\uc2b5\ub2c8\uae4c?","Choices":{"1":{"Display":"\ub0a8\uc131"},"2":{"Display":"\uc5ec\uc131"},"3":{"Display":"\ub17c\ubc14\uc774\ub108\ub9ac\/\uc81c3\uc758 \uc131"},"4":{"Display":"\uc790\uccb4 \uc124\uba85 \uc120\ud638"},"5":{"Display":"\ub9d0\uc218\uac00 \uc801\uc740 \ud3b8"}}},"NL":{"QuestionText":"Hoe omschrijft u uzelf?","Choices":{"1":{"Display":"Man"},"2":{"Display":"Vrouw"},"3":{"Display":"Non-binair\/derde geslacht"},"4":{"Display":"Ik geef liever een eigen omschrijving"},"5":{"Display":"Ik zeg dat liever niet"}}},"PT-BR":{"QuestionText":"Como voc\u00ea se descreve?","Choices":{"1":{"Display":"Masculino"},"2":{"Display":"Feminino"},"3":{"Display":"N\u00e3o bin\u00e1rio\/terceiro g\u00eanero"},"4":{"Display":"Prefere a autodescri\u00e7\u00e3o"},"5":{"Display":"Prefere n\u00e3o dizer"}}},"ZH-S":{"QuestionText":"\u60a8\u4f1a\u5982\u4f55\u5f62\u5bb9\u81ea\u5df1\uff1f","Choices":{"1":{"Display":"\u7537"},"2":{"Display":"\u5973"},"3":{"Display":"\u975e\u4e8c\u5143\u6027\u522b\/\u7b2c\u4e09\u6027\u522b"},"4":{"Display":"\u66f4\u5e0c\u671b\u81ea\u6211\u63cf\u8ff0"},"5":{"Display":"\u4fdd\u5bc6"}}},"ZH-T":{"QuestionText":"\u60a8\u5982\u4f55\u63cf\u8ff0\u81ea\u5df1\uff1f","Choices":{"1":{"Display":"\u7537"},"2":{"Display":"\u5973"},"3":{"Display":"\u975e\u4e8c\u5143\u6027\u5225\/\u7b2c\u4e09\u6027\u5225"},"4":{"Display":"\u5e0c\u671b\u81ea\u5df1\u63cf\u8ff0"},"5":{"Display":"\u4fdd\u5bc6"}}}},"NextAnswerId":1,"NextChoiceId":6,"QuestionDescription":"How do you describe yourself?","QuestionText":"How do you describe yourself?","QuestionText_Unsafe":"How do you describe yourself?","QuestionType":"MC","ReferenceQuestionConfig":{"instanceOf":{"id":"RQ_qlbaoGS6Hd15XPb","version":"v2.0.0"}},"SchemaConfig":{"ChoiceMapping":{"1":"enu:\/\/male","2":"enu:\/\/female","3":"enu:\/\/nonbinary","4":"enu:\/\/selfdescribe","5":"enu:\/\/prefernottosay"},"ChoiceMappingType":"Member","ChoiceTextMapping":{"4":"ses:\/\/genderselfdescribe"},"ConfigVersion":"1.0.0","Reconfirm":true,"URL":"ses:\/\/gender","XMDConnect":true},"Selector":"SAVR","SubSelector":"TX","Validation":{"Settings":{"ForceResponse":"ON","ForceResponseType":"ON","Type":"None"}},"DataExportTag":"Q2","QuestionID":"QID3"}},{"SurveyID":"SV_6DX10JIQ95KWbjg","Element":"SQ","PrimaryAttribute":"QID30","SecondaryAttribute":"Please listen to each of the separated bass\u00a0sources below. Then use the text input to give each a..","TertiaryAttribute":null,"Payload":{"QuestionText":"Please listen to each of the separated <b><i><u>bass<\/u><\/i><\/b>&nbsp;sources below. Then use the text input to give each a numerical rating,&nbsp;from 0 (Bad) to 100 (Excellent).&nbsp;Consider both the presence of external artifacts and the overall audio quality.&nbsp; Play each audio clip as often as you need. There are no right\/wrong answers &mdash; use your perception.","DefaultChoices":false,"QuestionType":"Matrix","Selector":"TE","DataVisibility":{"Private":false,"Hidden":false},"Configuration":{"QuestionDescriptionOption":"UseText","TextPosition":"inline","ChoiceColumnWidth":25,"RepeatHeaders":"none","MobileFirst":false},"QuestionDescription":"Please listen to each of the separated bass\u00a0sources below. Then use the text input to give each a...","Choices":{"1":{"Display":"HT Demucs"},"2":{"Display":"Reference"},"3":{"Display":"Spleeter"},"4":{"Display":"Anchor"},"5":{"Display":"Dv2"}},"ChoiceOrder":[1,2,3,4,5],"GradingData":[],"Language":[],"NextChoiceId":6,"NextAnswerId":2,"Answers":{"1":{"Display":"Rating","ExclusiveAnswer":true}},"AnswerOrder":[1],"ChoiceDataExportTags":false,"AnswerColumns":1,"ClarifyingSymbolType":"None","SubSelector":"Short","Validation":{"Settings":{"ForceResponse":"RequestResponse","ForceResponseType":"RequestResponse"}},"QuestionText_Unsafe":"Please listen to each of the separated <b><i><u>instrumental\/other<\/u><\/i><\/b> sources below. Then use the text input to give each a numerical rating,&nbsp;from 0 (Bad) to 100 (Excellent).&nbsp;Consider both the presence of external artifacts and the overall audio quality.&nbsp; Play each audio clip as often as you need. There are no right\/wrong answers &mdash; use your perception.","DataExportTag":"Q30","QuestionID":"QID30"}},{"SurveyID":"SV_6DX10JIQ95KWbjg","Element":"SQ","PrimaryAttribute":"QID31","SecondaryAttribute":"Listen to this excerpt from an original mix: \u00a0","TertiaryAttribute":null,"Payload":{"QuestionText":"<div style=\"text-align: center;\">Listen to this excerpt from an original mix:<br \/>\n<audio class=\"qmedia\" controls=\"true\" height=\"40\" preload=\"auto\" width=\"320\"><source src=\"https:\/\/umiami.qualtrics.com\/CP\/File.php?F=F_5WqSUYAOdMYavPM\" type=\"audio\/wav\" \/><embed class=\"qmedia\" flashconsts=\"file=https:\/\/umiami.qualtrics.com\/CP\/File.php?F=F_5WqSUYAOdMYavPM&amp;width=320&amp;height=20&amp;type=wav&amp;autostart=false\" height=\"20\" pluginspage=\"http:\/\/adobe.com\/flashplayer\/\" src=\"\/WRQualtricsShared\/Flash\/flvplayer.swf\" type=\"application\/x-shockwave-flash\" width=\"320\" wmode=\"transparent\" \/><\/audio>\n<br \/>\n&nbsp;<\/div>","DefaultChoices":false,"QuestionType":"DB","Selector":"TB","DataVisibility":{"Private":false,"Hidden":false},"Configuration":{"QuestionDescriptionOption":"UseText"},"QuestionDescription":"Listen to this excerpt from an original mix: \u00a0","ChoiceOrder":[],"Validation":{"Settings":{"Type":"None"}},"GradingData":[],"Language":[],"NextChoiceId":4,"NextAnswerId":1,"QuestionText_Unsafe":"<div style=\"text-align: center;\">Listen to this excerpt from an original mix:<br><br><\/div>","DataExportTag":"TF_Bass_Mix","QuestionID":"QID31"}},{"SurveyID":"SV_6DX10JIQ95KWbjg","Element":"SQ","PrimaryAttribute":"QID32","SecondaryAttribute":"Please listen to all of the separated bass\u00a0sources below. Then use the text input to give each a...","TertiaryAttribute":null,"Payload":{"QuestionText":"Please listen to all of the separated <b><i><u>bass<\/u><\/i><\/b>&nbsp;sources below. Then use the text input to give each a numerical rating,&nbsp;from 0 (Bad) to 100 (Excellent).&nbsp;Consider both the presence of external artifacts and the overall audio quality.&nbsp; Play each audio clip as often as you need. There are no right\/wrong answers \u2014 use your perception.","DefaultChoices":false,"QuestionType":"Matrix","Selector":"TE","DataVisibility":{"Private":false,"Hidden":false},"Configuration":{"QuestionDescriptionOption":"UseText","TextPosition":"inline","ChoiceColumnWidth":25,"RepeatHeaders":"none","MobileFirst":false},"QuestionDescription":"Please listen to all of the separated bass\u00a0sources below. Then use the text input to give each a...","Choices":{"1":{"Display":"<audio class=\"qmedia\" controls=\"true\" height=\"40\" preload=\"auto\" width=\"320\"><source src=\"https:\/\/umiami.qualtrics.com\/CP\/File.php?F=F_uTKjotZzIaiLdW9\" type=\"audio\/wav\" \/><embed class=\"qmedia\" flashconsts=\"file=https:\/\/umiami.qualtrics.com\/CP\/File.php?F=F_uTKjotZzIaiLdW9&amp;width=320&amp;height=20&amp;type=wav&amp;autostart=false\" height=\"20\" pluginspage=\"http:\/\/adobe.com\/flashplayer\/\" src=\"\/WRQualtricsShared\/Flash\/flvplayer.swf\" type=\"application\/x-shockwave-flash\" width=\"320\" wmode=\"transparent\" \/><\/audio>"},"2":{"Display":"<audio class=\"qmedia\" controls=\"true\" height=\"40\" preload=\"auto\" width=\"320\"><source src=\"https:\/\/umiami.qualtrics.com\/CP\/File.php?F=F_ZoAXQZAKu5idNc4\" type=\"audio\/wav\" \/><embed class=\"qmedia\" flashconsts=\"file=https:\/\/umiami.qualtrics.com\/CP\/File.php?F=F_ZoAXQZAKu5idNc4&amp;width=320&amp;height=20&amp;type=wav&amp;autostart=false\" height=\"20\" pluginspage=\"http:\/\/adobe.com\/flashplayer\/\" src=\"\/WRQualtricsShared\/Flash\/flvplayer.swf\" type=\"application\/x-shockwave-flash\" width=\"320\" wmode=\"transparent\" \/><\/audio>"},"3":{"Display":"<audio class=\"qmedia\" controls=\"true\" height=\"40\" preload=\"auto\" width=\"320\"><source src=\"https:\/\/umiami.qualtrics.com\/CP\/File.php?F=F_SnXatOgIcERS3LC\" type=\"audio\/wav\" \/><embed class=\"qmedia\" flashconsts=\"file=https:\/\/umiami.qualtrics.com\/CP\/File.php?F=F_SnXatOgIcERS3LC&amp;width=320&amp;height=20&amp;type=wav&amp;autostart=false\" height=\"20\" pluginspage=\"http:\/\/adobe.com\/flashplayer\/\" src=\"\/WRQualtricsShared\/Flash\/flvplayer.swf\" type=\"application\/x-shockwave-flash\" width=\"320\" wmode=\"transparent\" \/><\/audio>"},"4":{"Display":"<audio class=\"qmedia\" controls=\"true\" height=\"40\" preload=\"auto\" width=\"320\"><source src=\"https:\/\/umiami.qualtrics.com\/CP\/File.php?F=F_Mp2YIjq5wq0rvlq\" type=\"audio\/wav\" \/><embed class=\"qmedia\" flashconsts=\"file=https:\/\/umiami.qualtrics.com\/CP\/File.php?F=F_Mp2YIjq5wq0rvlq&amp;width=320&amp;height=20&amp;type=wav&amp;autostart=false\" height=\"20\" pluginspage=\"http:\/\/adobe.com\/flashplayer\/\" src=\"\/WRQualtricsShared\/Flash\/flvplayer.swf\" type=\"application\/x-shockwave-flash\" width=\"320\" wmode=\"transparent\" \/><\/audio>"},"5":{"Display":"<audio class=\"qmedia\" controls=\"true\" height=\"40\" preload=\"auto\" width=\"320\"><source src=\"https:\/\/umiami.qualtrics.com\/CP\/File.php?F=F_UJt2dp3mcvcxWxQ\" type=\"audio\/wav\" \/><embed class=\"qmedia\" flashconsts=\"file=https:\/\/umiami.qualtrics.com\/CP\/File.php?F=F_UJt2dp3mcvcxWxQ&amp;width=320&amp;height=20&amp;type=wav&amp;autostart=false\" height=\"20\" pluginspage=\"http:\/\/adobe.com\/flashplayer\/\" src=\"\/WRQualtricsShared\/Flash\/flvplayer.swf\" type=\"application\/x-shockwave-flash\" width=\"320\" wmode=\"transparent\" \/><\/audio>"}},"ChoiceOrder":[1,2,3,4,5],"GradingData":[],"Language":[],"NextChoiceId":6,"NextAnswerId":2,"Answers":{"1":{"Display":"Rating","ExclusiveAnswer":true}},"AnswerOrder":[1],"ChoiceDataExportTags":{"1":"TF_Bass_HTD","2":"TF_Bass_Ref","3":"TF_Bass_Spl","4":"TF_Bass_Anch","5":"TF_Bass_Dv2"},"AnswerColumns":1,"ClarifyingSymbolType":"None","SubSelector":"Short","Validation":{"Settings":{"ForceResponse":"RequestResponse","ForceResponseType":"RequestResponse","Type":"ContentType","MinChars":"1","ContentType":"ValidNumber","ValidDateType":"DateWithFormat","ValidPhoneType":"ValidUSPhone","ValidZipType":"ValidUSZip","ValidNumber":{"Min":"0","Max":"100","NumDecimals":""}}},"QuestionText_Unsafe":"Please listen to each of the separated <b><i><u>bass<\/u><\/i><\/b>&nbsp;sources below. Then use the text input to give each a numerical rating,&nbsp;from 0 (Bad) to 100 (Excellent).&nbsp;Consider both the presence of external artifacts and the overall audio quality.&nbsp; Play each audio clip as often as you need. There are no right\/wrong answers &mdash; use your perception.","DataExportTag":"TF_Bass_Q","QuestionID":"QID32","Randomization":{"Advanced":null,"TotalRandSubset":"","Type":"All"}}},{"SurveyID":"SV_6DX10JIQ95KWbjg","Element":"SQ","PrimaryAttribute":"QID33","SecondaryAttribute":"Listen to this excerpt from an original mix: \u00a0","TertiaryAttribute":null,"Payload":{"QuestionText":"<div style=\"text-align: center;\">Listen to this excerpt from an original mix:<br \/>\n<audio class=\"qmedia\" controls=\"true\" height=\"40\" preload=\"auto\" width=\"320\"><source src=\"https:\/\/umiami.qualtrics.com\/CP\/File.php?F=F_5ZcRY1BTyUL40jR\" type=\"audio\/wav\" \/><embed class=\"qmedia\" flashconsts=\"file=https:\/\/umiami.qualtrics.com\/CP\/File.php?F=F_5ZcRY1BTyUL40jR&amp;width=320&amp;height=20&amp;type=wav&amp;autostart=false\" height=\"20\" pluginspage=\"http:\/\/adobe.com\/flashplayer\/\" src=\"\/WRQualtricsShared\/Flash\/flvplayer.swf\" type=\"application\/x-shockwave-flash\" width=\"320\" wmode=\"transparent\" \/><\/audio>\n<br \/>\n&nbsp;<\/div>","DefaultChoices":false,"QuestionType":"DB","Selector":"TB","DataVisibility":{"Private":false,"Hidden":false},"Configuration":{"QuestionDescriptionOption":"UseText"},"QuestionDescription":"Listen to this excerpt from an original mix: \u00a0","ChoiceOrder":[],"Validation":{"Settings":{"Type":"None"}},"GradingData":[],"Language":[],"NextChoiceId":4,"NextAnswerId":1,"QuestionText_Unsafe":"<div style=\"text-align: center;\">Listen to this excerpt from an original mix:<br><br><\/div>","DataExportTag":"Monstaclat_Drums_Mix","QuestionID":"QID33"}},{"SurveyID":"SV_6DX10JIQ95KWbjg","Element":"SQ","PrimaryAttribute":"QID34","SecondaryAttribute":"Please listen to all of the separated drums sources below. Then use the text input to give each a...","TertiaryAttribute":null,"Payload":{"QuestionText":"Please listen to all of the separated <u><em><strong>drums<\/strong><\/em><\/u> sources below. Then use the text input to give each a numerical rating,&nbsp;from 0 (Bad) to 100 (Excellent).&nbsp;Consider both the presence of external artifacts and the overall audio quality.&nbsp; Play each audio clip as often as you need. There are no right\/wrong answers \u2014 use your perception.","DefaultChoices":false,"QuestionType":"Matrix","Selector":"TE","DataVisibility":{"Private":false,"Hidden":false},"Configuration":{"QuestionDescriptionOption":"UseText","TextPosition":"inline","ChoiceColumnWidth":25,"RepeatHeaders":"none","MobileFirst":false},"QuestionDescription":"Please listen to all of the separated drums sources below. Then use the text input to give each a...","Choices":{"1":{"Display":"<audio class=\"qmedia\" controls=\"true\" height=\"40\" preload=\"auto\" width=\"320\"><source src=\"https:\/\/umiami.qualtrics.com\/CP\/File.php?F=F_TA5lAyaXtFefE6P\" type=\"audio\/wav\" \/><embed class=\"qmedia\" flashconsts=\"file=https:\/\/umiami.qualtrics.com\/CP\/File.php?F=F_TA5lAyaXtFefE6P&amp;width=320&amp;height=20&amp;type=wav&amp;autostart=false\" height=\"20\" pluginspage=\"http:\/\/adobe.com\/flashplayer\/\" src=\"\/WRQualtricsShared\/Flash\/flvplayer.swf\" type=\"application\/x-shockwave-flash\" width=\"320\" wmode=\"transparent\" \/><\/audio>"},"2":{"Display":"<audio class=\"qmedia\" controls=\"true\" height=\"40\" preload=\"auto\" width=\"320\"><source src=\"https:\/\/umiami.qualtrics.com\/CP\/File.php?F=F_eFznuLvhptyAVve\" type=\"audio\/wav\" \/><embed class=\"qmedia\" flashconsts=\"file=https:\/\/umiami.qualtrics.com\/CP\/File.php?F=F_eFznuLvhptyAVve&amp;width=320&amp;height=20&amp;type=wav&amp;autostart=false\" height=\"20\" pluginspage=\"http:\/\/adobe.com\/flashplayer\/\" src=\"\/WRQualtricsShared\/Flash\/flvplayer.swf\" type=\"application\/x-shockwave-flash\" width=\"320\" wmode=\"transparent\" \/><\/audio>"},"3":{"Display":"<audio class=\"qmedia\" controls=\"true\" height=\"40\" preload=\"auto\" width=\"320\"><source src=\"https:\/\/umiami.qualtrics.com\/CP\/File.php?F=F_vKDcGKgEXZtitCP\" type=\"audio\/wav\" \/><embed class=\"qmedia\" flashconsts=\"file=https:\/\/umiami.qualtrics.com\/CP\/File.php?F=F_vKDcGKgEXZtitCP&amp;width=320&amp;height=20&amp;type=wav&amp;autostart=false\" height=\"20\" pluginspage=\"http:\/\/adobe.com\/flashplayer\/\" src=\"\/WRQualtricsShared\/Flash\/flvplayer.swf\" type=\"application\/x-shockwave-flash\" width=\"320\" wmode=\"transparent\" \/><\/audio>"},"4":{"Display":"<audio class=\"qmedia\" controls=\"true\" height=\"40\" preload=\"auto\" width=\"320\"><source src=\"https:\/\/umiami.qualtrics.com\/CP\/File.php?F=F_kNH7LvPpguLyUYL\" type=\"audio\/wav\" \/><embed class=\"qmedia\" flashconsts=\"file=https:\/\/umiami.qualtrics.com\/CP\/File.php?F=F_kNH7LvPpguLyUYL&amp;width=320&amp;height=20&amp;type=wav&amp;autostart=false\" height=\"20\" pluginspage=\"http:\/\/adobe.com\/flashplayer\/\" src=\"\/WRQualtricsShared\/Flash\/flvplayer.swf\" type=\"application\/x-shockwave-flash\" width=\"320\" wmode=\"transparent\" \/><\/audio>"},"5":{"Display":"<audio class=\"qmedia\" controls=\"true\" height=\"40\" preload=\"auto\" width=\"320\"><source src=\"https:\/\/umiami.qualtrics.com\/CP\/File.php?F=F_9WUVjLpatOpPsTu\" type=\"audio\/wav\" \/><embed class=\"qmedia\" flashconsts=\"file=https:\/\/umiami.qualtrics.com\/CP\/File.php?F=F_9WUVjLpatOpPsTu&amp;width=320&amp;height=20&amp;type=wav&amp;autostart=false\" height=\"20\" pluginspage=\"http:\/\/adobe.com\/flashplayer\/\" src=\"\/WRQualtricsShared\/Flash\/flvplayer.swf\" type=\"application\/x-shockwave-flash\" width=\"320\" wmode=\"transparent\" \/><\/audio>"}},"ChoiceOrder":[1,2,3,4,5],"GradingData":[],"Language":[],"NextChoiceId":6,"NextAnswerId":2,"Answers":{"1":{"Display":"Rating","ExclusiveAnswer":true}},"AnswerOrder":[1],"ChoiceDataExportTags":{"1":"Monstaclat_Drums_HTDemucs","2":"Monstaclat_Drums_Ref","3":"Monstaclat_Drums_Spleeter","4":"Monstaclat_Drums_Anchor","5":"Monstaclat_Drums_Dv2"},"AnswerColumns":1,"ClarifyingSymbolType":"None","SubSelector":"Short","Validation":{"Settings":{"ForceResponse":"RequestResponse","ForceResponseType":"RequestResponse","Type":"ContentType","MinChars":"1","ContentType":"ValidNumber","ValidDateType":"DateWithFormat","ValidPhoneType":"ValidUSPhone","ValidZipType":"ValidUSZip","ValidNumber":{"Min":"0","Max":"100","NumDecimals":""}}},"QuestionText_Unsafe":"Please listen to each of the separated <u><em><strong>drums<\/strong><\/em><\/u> sources below. Then use the text input to give each a numerical rating,&nbsp;from 0 (Bad) to 100 (Excellent).&nbsp;Consider both the presence of external artifacts and the overall audio quality.&nbsp; Play each audio clip as often as you need. There are no right\/wrong answers &mdash; use your perception.","DataExportTag":"Monstaclat_Drums_Q","QuestionID":"QID34","Randomization":{"Advanced":null,"TotalRandSubset":"","Type":"All"}}},{"SurveyID":"SV_6DX10JIQ95KWbjg","Element":"SQ","PrimaryAttribute":"QID35","SecondaryAttribute":"Listen to this excerpt from an original mix: \u00a0","TertiaryAttribute":null,"Payload":{"QuestionText":"<div style=\"text-align: center;\">Listen to this excerpt from an original mix:<br \/>\n<audio class=\"qmedia\" controls=\"true\" height=\"40\" preload=\"auto\" width=\"320\"><source src=\"https:\/\/umiami.qualtrics.com\/CP\/File.php?F=F_7swf0PmQyrWidEq\" type=\"audio\/wav\" \/><embed class=\"qmedia\" flashconsts=\"file=https:\/\/umiami.qualtrics.com\/CP\/File.php?F=F_7swf0PmQyrWidEq&amp;width=320&amp;height=20&amp;type=wav&amp;autostart=false\" height=\"20\" pluginspage=\"http:\/\/adobe.com\/flashplayer\/\" src=\"\/WRQualtricsShared\/Flash\/flvplayer.swf\" type=\"application\/x-shockwave-flash\" width=\"320\" wmode=\"transparent\" \/><\/audio>\n<br \/>\n&nbsp;<\/div>","DefaultChoices":false,"QuestionType":"DB","Selector":"TB","DataVisibility":{"Private":false,"Hidden":false},"Configuration":{"QuestionDescriptionOption":"UseText"},"QuestionDescription":"Listen to this excerpt from an original mix: \u00a0","ChoiceOrder":[],"Validation":{"Settings":{"Type":"None"}},"GradingData":[],"Language":[],"NextChoiceId":4,"NextAnswerId":1,"QuestionText_Unsafe":"<div style=\"text-align: center;\">Listen to this excerpt from an original mix:<br><br><\/div>","DataExportTag":"JG_Bass_Mix","QuestionID":"QID35"}},{"SurveyID":"SV_6DX10JIQ95KWbjg","Element":"SQ","PrimaryAttribute":"QID36","SecondaryAttribute":"Please listen to all of the separated bass\u00a0sources below. Then use the text input to give each a...","TertiaryAttribute":null,"Payload":{"QuestionText":"Please listen to all of the separated <b><i><u>bass<\/u><\/i><\/b>&nbsp;sources below. Then use the text input to give each a numerical rating,&nbsp;from 0 (Bad) to 100 (Excellent).&nbsp;Consider both the presence of external artifacts and the overall audio quality.&nbsp; Play each audio clip as often as you need. There are no right\/wrong answers \u2014 use your perception.","DefaultChoices":false,"QuestionType":"Matrix","Selector":"TE","DataVisibility":{"Private":false,"Hidden":false},"Configuration":{"QuestionDescriptionOption":"UseText","TextPosition":"inline","ChoiceColumnWidth":25,"RepeatHeaders":"none","MobileFirst":false},"QuestionDescription":"Please listen to all of the separated bass\u00a0sources below. Then use the text input to give each a...","Choices":{"1":{"Display":"<audio class=\"qmedia\" controls=\"true\" height=\"40\" preload=\"auto\" width=\"320\"><source src=\"https:\/\/umiami.qualtrics.com\/CP\/File.php?F=F_Je7JaGAE7h5vmGJ\" type=\"audio\/wav\" \/><embed class=\"qmedia\" flashconsts=\"file=https:\/\/umiami.qualtrics.com\/CP\/File.php?F=F_Je7JaGAE7h5vmGJ&amp;width=320&amp;height=20&amp;type=wav&amp;autostart=false\" height=\"20\" pluginspage=\"http:\/\/adobe.com\/flashplayer\/\" src=\"\/WRQualtricsShared\/Flash\/flvplayer.swf\" type=\"application\/x-shockwave-flash\" width=\"320\" wmode=\"transparent\" \/><\/audio>"},"2":{"Display":"<audio class=\"qmedia\" controls=\"true\" height=\"40\" preload=\"auto\" width=\"320\"><source src=\"https:\/\/umiami.qualtrics.com\/CP\/File.php?F=F_dpm1Obx8LFhFVf7\" type=\"audio\/wav\" \/><embed class=\"qmedia\" flashconsts=\"file=https:\/\/umiami.qualtrics.com\/CP\/File.php?F=F_dpm1Obx8LFhFVf7&amp;width=320&amp;height=20&amp;type=wav&amp;autostart=false\" height=\"20\" pluginspage=\"http:\/\/adobe.com\/flashplayer\/\" src=\"\/WRQualtricsShared\/Flash\/flvplayer.swf\" type=\"application\/x-shockwave-flash\" width=\"320\" wmode=\"transparent\" \/><\/audio>"},"3":{"Display":"<audio class=\"qmedia\" controls=\"true\" height=\"40\" preload=\"auto\" width=\"320\"><source src=\"https:\/\/umiami.qualtrics.com\/CP\/File.php?F=F_8waKsYv8VX83gFy\" type=\"audio\/wav\" \/><embed class=\"qmedia\" flashconsts=\"file=https:\/\/umiami.qualtrics.com\/CP\/File.php?F=F_8waKsYv8VX83gFy&amp;width=320&amp;height=20&amp;type=wav&amp;autostart=false\" height=\"20\" pluginspage=\"http:\/\/adobe.com\/flashplayer\/\" src=\"\/WRQualtricsShared\/Flash\/flvplayer.swf\" type=\"application\/x-shockwave-flash\" width=\"320\" wmode=\"transparent\" \/><\/audio>"},"4":{"Display":"<audio class=\"qmedia\" controls=\"true\" height=\"40\" preload=\"auto\" width=\"320\"><source src=\"https:\/\/umiami.qualtrics.com\/CP\/File.php?F=F_Eu6bNVrJZynVNFJ\" type=\"audio\/wav\" \/><embed class=\"qmedia\" flashconsts=\"file=https:\/\/umiami.qualtrics.com\/CP\/File.php?F=F_Eu6bNVrJZynVNFJ&amp;width=320&amp;height=20&amp;type=wav&amp;autostart=false\" height=\"20\" pluginspage=\"http:\/\/adobe.com\/flashplayer\/\" src=\"\/WRQualtricsShared\/Flash\/flvplayer.swf\" type=\"application\/x-shockwave-flash\" width=\"320\" wmode=\"transparent\" \/><\/audio>"},"5":{"Display":"<audio class=\"qmedia\" controls=\"true\" height=\"40\" preload=\"auto\" width=\"320\"><source src=\"https:\/\/umiami.qualtrics.com\/CP\/File.php?F=F_QgPMYLSqXyHLOI6\" type=\"audio\/wav\" \/><embed class=\"qmedia\" flashconsts=\"file=https:\/\/umiami.qualtrics.com\/CP\/File.php?F=F_QgPMYLSqXyHLOI6&amp;width=320&amp;height=20&amp;type=wav&amp;autostart=false\" height=\"20\" pluginspage=\"http:\/\/adobe.com\/flashplayer\/\" src=\"\/WRQualtricsShared\/Flash\/flvplayer.swf\" type=\"application\/x-shockwave-flash\" width=\"320\" wmode=\"transparent\" \/><\/audio>"}},"ChoiceOrder":[1,2,3,4,5],"GradingData":[],"Language":[],"NextChoiceId":6,"NextAnswerId":2,"Answers":{"1":{"Display":"Rating","ExclusiveAnswer":true}},"AnswerOrder":[1],"ChoiceDataExportTags":{"1":"JG_Bass_HTD","2":"JG_Bass_Ref","3":"JG_Bass_Spl","4":"JG_Bass_Anch","5":"JG_Bass_Dv2"},"AnswerColumns":1,"ClarifyingSymbolType":"None","SubSelector":"Short","Validation":{"Settings":{"ForceResponse":"RequestResponse","ForceResponseType":"RequestResponse","Type":"ContentType","MinChars":"1","ContentType":"ValidNumber","ValidDateType":"DateWithFormat","ValidPhoneType":"ValidUSPhone","ValidZipType":"ValidUSZip","ValidNumber":{"Min":"0","Max":"100","NumDecimals":""}}},"QuestionText_Unsafe":"Please listen to each of the separated <b><i><u>bass<\/u><\/i><\/b>&nbsp;sources below. Then use the text input to give each a numerical rating,&nbsp;from 0 (Bad) to 100 (Excellent).&nbsp;Consider both the presence of external artifacts and the overall audio quality.&nbsp; Play each audio clip as often as you need. There are no right\/wrong answers &mdash; use your perception.","DataExportTag":"JG_Bass_Q","QuestionID":"QID36","Randomization":{"Advanced":null,"TotalRandSubset":"","Type":"All"}}},{"SurveyID":"SV_6DX10JIQ95KWbjg","Element":"SQ","PrimaryAttribute":"QID37","SecondaryAttribute":"Listen to this excerpt from an original mix: \u00a0","TertiaryAttribute":null,"Payload":{"QuestionText":"<div style=\"text-align: center;\">Listen to this excerpt from an original mix:<br \/>\n<audio class=\"qmedia\" controls=\"true\" height=\"40\" preload=\"auto\" width=\"320\"><source src=\"https:\/\/umiami.qualtrics.com\/CP\/File.php?F=F_KkaKqYr89JzznRY\" type=\"audio\/wav\" \/><embed class=\"qmedia\" flashconsts=\"file=https:\/\/umiami.qualtrics.com\/CP\/File.php?F=F_KkaKqYr89JzznRY&amp;width=320&amp;height=20&amp;type=wav&amp;autostart=false\" height=\"20\" pluginspage=\"http:\/\/adobe.com\/flashplayer\/\" src=\"\/WRQualtricsShared\/Flash\/flvplayer.swf\" type=\"application\/x-shockwave-flash\" width=\"320\" wmode=\"transparent\" \/><\/audio>\n<br \/>\n&nbsp;<\/div>","DefaultChoices":false,"QuestionType":"DB","Selector":"TB","DataVisibility":{"Private":false,"Hidden":false},"Configuration":{"QuestionDescriptionOption":"UseText"},"QuestionDescription":"Listen to this excerpt from an original mix: \u00a0","ChoiceOrder":[],"Validation":{"Settings":{"Type":"None"}},"GradingData":[],"Language":[],"NextChoiceId":4,"NextAnswerId":1,"QuestionText_Unsafe":"<div style=\"text-align: center;\">Listen to this excerpt from an original mix:<br><br><\/div>","DataExportTag":"NG_Drums_OriginalMix","QuestionID":"QID37"}},{"SurveyID":"SV_6DX10JIQ95KWbjg","Element":"SQ","PrimaryAttribute":"QID38","SecondaryAttribute":"Please listen to all of the separated drums sources below. Then use the text input to give each a...","TertiaryAttribute":null,"Payload":{"QuestionText":"Please listen to all of the separated <u><em><strong>drums<\/strong><\/em><\/u> sources below. Then use the text input to give each a numerical rating,&nbsp;from 0 (Bad) to 100 (Excellent).&nbsp;Consider both the presence of external artifacts and the overall audio quality.&nbsp; Play each audio clip as often as you need. There are no right\/wrong answers \u2014 use your perception.","DefaultChoices":false,"QuestionType":"Matrix","Selector":"TE","DataVisibility":{"Private":false,"Hidden":false},"Configuration":{"QuestionDescriptionOption":"UseText","TextPosition":"inline","ChoiceColumnWidth":25,"RepeatHeaders":"none","MobileFirst":false},"QuestionDescription":"Please listen to all of the separated drums sources below. Then use the text input to give each a...","Choices":{"1":{"Display":"<audio class=\"qmedia\" controls=\"true\" height=\"40\" preload=\"auto\" width=\"320\"><source src=\"https:\/\/umiami.qualtrics.com\/CP\/File.php?F=F_0FbSBnJ3NJVffq2\" type=\"audio\/wav\" \/><embed class=\"qmedia\" flashconsts=\"file=https:\/\/umiami.qualtrics.com\/CP\/File.php?F=F_0FbSBnJ3NJVffq2&amp;width=320&amp;height=20&amp;type=wav&amp;autostart=false\" height=\"20\" pluginspage=\"http:\/\/adobe.com\/flashplayer\/\" src=\"\/WRQualtricsShared\/Flash\/flvplayer.swf\" type=\"application\/x-shockwave-flash\" width=\"320\" wmode=\"transparent\"><\/embed><\/audio>"},"2":{"Display":"<audio class=\"qmedia\" controls=\"true\" height=\"40\" preload=\"auto\" width=\"320\"><source src=\"https:\/\/umiami.qualtrics.com\/CP\/File.php?F=F_7P0sXg6FlCXwvu2\" type=\"audio\/wav\" \/><embed class=\"qmedia\" flashconsts=\"file=https:\/\/umiami.qualtrics.com\/CP\/File.php?F=F_7P0sXg6FlCXwvu2&amp;width=320&amp;height=20&amp;type=wav&amp;autostart=false\" height=\"20\" pluginspage=\"http:\/\/adobe.com\/flashplayer\/\" src=\"\/WRQualtricsShared\/Flash\/flvplayer.swf\" type=\"application\/x-shockwave-flash\" width=\"320\" wmode=\"transparent\" \/><\/audio>"},"3":{"Display":"<audio class=\"qmedia\" controls=\"true\" height=\"40\" preload=\"auto\" width=\"320\"><source src=\"https:\/\/umiami.qualtrics.com\/CP\/File.php?F=F_tnnHPtFGWgnkUBI\" type=\"audio\/wav\" \/><embed class=\"qmedia\" flashconsts=\"file=https:\/\/umiami.qualtrics.com\/CP\/File.php?F=F_tnnHPtFGWgnkUBI&amp;width=320&amp;height=20&amp;type=wav&amp;autostart=false\" height=\"20\" pluginspage=\"http:\/\/adobe.com\/flashplayer\/\" src=\"\/WRQualtricsShared\/Flash\/flvplayer.swf\" type=\"application\/x-shockwave-flash\" width=\"320\" wmode=\"transparent\" \/><\/audio>"},"4":{"Display":"<audio class=\"qmedia\" controls=\"true\" height=\"40\" preload=\"auto\" width=\"320\"><source src=\"https:\/\/umiami.qualtrics.com\/CP\/File.php?F=F_Q3P2dhdVLoZv3zg\" type=\"audio\/wav\" \/><embed class=\"qmedia\" flashconsts=\"file=https:\/\/umiami.qualtrics.com\/CP\/File.php?F=F_Q3P2dhdVLoZv3zg&amp;width=320&amp;height=20&amp;type=wav&amp;autostart=false\" height=\"20\" pluginspage=\"http:\/\/adobe.com\/flashplayer\/\" src=\"\/WRQualtricsShared\/Flash\/flvplayer.swf\" type=\"application\/x-shockwave-flash\" width=\"320\" wmode=\"transparent\" \/><\/audio>"},"5":{"Display":"<audio class=\"qmedia\" controls=\"true\" height=\"40\" preload=\"auto\" width=\"320\"><source src=\"https:\/\/umiami.qualtrics.com\/CP\/File.php?F=F_C5U91W0YBiGYNNH\" type=\"audio\/wav\" \/><embed class=\"qmedia\" flashconsts=\"file=https:\/\/umiami.qualtrics.com\/CP\/File.php?F=F_C5U91W0YBiGYNNH&amp;width=320&amp;height=20&amp;type=wav&amp;autostart=false\" height=\"20\" pluginspage=\"http:\/\/adobe.com\/flashplayer\/\" src=\"\/WRQualtricsShared\/Flash\/flvplayer.swf\" type=\"application\/x-shockwave-flash\" width=\"320\" wmode=\"transparent\" \/><\/audio>"}},"ChoiceOrder":[1,2,3,4,5],"GradingData":[],"Language":[],"NextChoiceId":6,"NextAnswerId":2,"Answers":{"1":{"Display":"Rating","ExclusiveAnswer":true}},"AnswerOrder":[1],"ChoiceDataExportTags":{"1":"NG_Drums_HTDemucs","2":"NG_Drums_Ref","3":"NG_Drums_Spleeter","4":"NG_Drums_Anch","5":"NG_Drums_Dv2"},"AnswerColumns":1,"ClarifyingSymbolType":"None","SubSelector":"Short","Validation":{"Settings":{"ForceResponse":"RequestResponse","ForceResponseType":"RequestResponse","Type":"ContentType","MinChars":"1","ContentType":"ValidNumber","ValidDateType":"DateWithFormat","ValidPhoneType":"ValidUSPhone","ValidZipType":"ValidUSZip","ValidNumber":{"Min":"0","Max":"100","NumDecimals":""}}},"QuestionText_Unsafe":"Please listen to each of the separated <u><em><strong>drums<\/strong><\/em><\/u> sources below. Then use the text input to give each a numerical rating,&nbsp;from 0 (Bad) to 100 (Excellent).&nbsp;Consider both the presence of external artifacts and the overall audio quality.&nbsp; Play each audio clip as often as you need. There are no right\/wrong answers &mdash; use your perception.","DataExportTag":"NG_Drums_Q","QuestionID":"QID38","Randomization":{"Advanced":null,"TotalRandSubset":"","Type":"All"}}},{"SurveyID":"SV_6DX10JIQ95KWbjg","Element":"SQ","PrimaryAttribute":"QID39","SecondaryAttribute":"Listen to this excerpt from an original mix: \u00a0","TertiaryAttribute":null,"Payload":{"QuestionText":"<div style=\"text-align: center;\">Listen to this excerpt from an original mix:<br \/>\n<audio class=\"qmedia\" controls=\"true\" height=\"40\" preload=\"auto\" width=\"320\"><source src=\"https:\/\/umiami.qualtrics.com\/CP\/File.php?F=F_w63D2c5gwenllUh\" type=\"audio\/wav\" \/><embed class=\"qmedia\" flashconsts=\"file=https:\/\/umiami.qualtrics.com\/CP\/File.php?F=F_w63D2c5gwenllUh&amp;width=320&amp;height=20&amp;type=wav&amp;autostart=false\" height=\"20\" pluginspage=\"http:\/\/adobe.com\/flashplayer\/\" src=\"\/WRQualtricsShared\/Flash\/flvplayer.swf\" type=\"application\/x-shockwave-flash\" width=\"320\" wmode=\"transparent\" \/><\/audio>\n<br \/>\n&nbsp;<\/div>","DefaultChoices":false,"QuestionType":"DB","Selector":"TB","DataVisibility":{"Private":false,"Hidden":false},"Configuration":{"QuestionDescriptionOption":"UseText"},"QuestionDescription":"Listen to this excerpt from an original mix: \u00a0","ChoiceOrder":[],"Validation":{"Settings":{"Type":"None"}},"GradingData":[],"Language":[],"NextChoiceId":4,"NextAnswerId":1,"QuestionText_Unsafe":"<div style=\"text-align: center;\">Listen to this excerpt from an original mix:<br><br><\/div>","DataExportTag":"Celebrate_Bass_Mix","QuestionID":"QID39"}},{"SurveyID":"SV_6DX10JIQ95KWbjg","Element":"SQ","PrimaryAttribute":"QID40","SecondaryAttribute":"Please listen to all of the separated bass\u00a0sources below. Then use the text input to give each a...","TertiaryAttribute":null,"Payload":{"QuestionText":"Please listen to all of the separated <b><i><u>bass<\/u><\/i><\/b>&nbsp;sources below. Then use the text input to give each a numerical rating,&nbsp;from 0 (Bad) to 100 (Excellent).&nbsp;Consider both the presence of external artifacts and the overall audio quality.&nbsp; Play each audio clip as often as you need. There are no right\/wrong answers \u2014 use your perception.","DefaultChoices":false,"QuestionType":"Matrix","Selector":"TE","DataVisibility":{"Private":false,"Hidden":false},"Configuration":{"QuestionDescriptionOption":"UseText","TextPosition":"inline","ChoiceColumnWidth":25,"RepeatHeaders":"none","MobileFirst":false},"QuestionDescription":"Please listen to all of the separated bass\u00a0sources below. Then use the text input to give each a...","Choices":{"1":{"Display":"<audio class=\"qmedia\" controls=\"true\" height=\"40\" preload=\"auto\" width=\"320\"><source src=\"https:\/\/umiami.qualtrics.com\/CP\/File.php?F=F_dgRboVs4DnForWX\" type=\"audio\/wav\" \/><embed class=\"qmedia\" flashconsts=\"file=https:\/\/umiami.qualtrics.com\/CP\/File.php?F=F_dgRboVs4DnForWX&amp;width=320&amp;height=20&amp;type=wav&amp;autostart=false\" height=\"20\" pluginspage=\"http:\/\/adobe.com\/flashplayer\/\" src=\"\/WRQualtricsShared\/Flash\/flvplayer.swf\" type=\"application\/x-shockwave-flash\" width=\"320\" wmode=\"transparent\" \/><\/audio>"},"2":{"Display":"<audio class=\"qmedia\" controls=\"true\" height=\"40\" preload=\"auto\" width=\"320\"><source src=\"https:\/\/umiami.qualtrics.com\/CP\/File.php?F=F_f8sgZwaZSU4S6fo\" type=\"audio\/wav\" \/><embed class=\"qmedia\" flashconsts=\"file=https:\/\/umiami.qualtrics.com\/CP\/File.php?F=F_f8sgZwaZSU4S6fo&amp;width=320&amp;height=20&amp;type=wav&amp;autostart=false\" height=\"20\" pluginspage=\"http:\/\/adobe.com\/flashplayer\/\" src=\"\/WRQualtricsShared\/Flash\/flvplayer.swf\" type=\"application\/x-shockwave-flash\" width=\"320\" wmode=\"transparent\" \/><\/audio>"},"3":{"Display":"<audio class=\"qmedia\" controls=\"true\" height=\"40\" preload=\"auto\" width=\"320\"><source src=\"https:\/\/umiami.qualtrics.com\/CP\/File.php?F=F_9BLH0aDhdV4oQp5\" type=\"audio\/wav\" \/><embed class=\"qmedia\" flashconsts=\"file=https:\/\/umiami.qualtrics.com\/CP\/File.php?F=F_9BLH0aDhdV4oQp5&amp;width=320&amp;height=20&amp;type=wav&amp;autostart=false\" height=\"20\" pluginspage=\"http:\/\/adobe.com\/flashplayer\/\" src=\"\/WRQualtricsShared\/Flash\/flvplayer.swf\" type=\"application\/x-shockwave-flash\" width=\"320\" wmode=\"transparent\" \/><\/audio>"},"4":{"Display":"<audio class=\"qmedia\" controls=\"true\" height=\"40\" preload=\"auto\" width=\"320\"><source src=\"https:\/\/umiami.qualtrics.com\/CP\/File.php?F=F_5CNbwprAEF7DVf5\" type=\"audio\/wav\" \/><embed class=\"qmedia\" flashconsts=\"file=https:\/\/umiami.qualtrics.com\/CP\/File.php?F=F_5CNbwprAEF7DVf5&amp;width=320&amp;height=20&amp;type=wav&amp;autostart=false\" height=\"20\" pluginspage=\"http:\/\/adobe.com\/flashplayer\/\" src=\"\/WRQualtricsShared\/Flash\/flvplayer.swf\" type=\"application\/x-shockwave-flash\" width=\"320\" wmode=\"transparent\" \/><\/audio>"},"5":{"Display":"<audio class=\"qmedia\" controls=\"true\" height=\"40\" preload=\"auto\" width=\"320\"><source src=\"https:\/\/umiami.qualtrics.com\/CP\/File.php?F=F_m9X1vPjEXhWhbzB\" type=\"audio\/wav\" \/><embed class=\"qmedia\" flashconsts=\"file=https:\/\/umiami.qualtrics.com\/CP\/File.php?F=F_m9X1vPjEXhWhbzB&amp;width=320&amp;height=20&amp;type=wav&amp;autostart=false\" height=\"20\" pluginspage=\"http:\/\/adobe.com\/flashplayer\/\" src=\"\/WRQualtricsShared\/Flash\/flvplayer.swf\" type=\"application\/x-shockwave-flash\" width=\"320\" wmode=\"transparent\" \/><\/audio>"}},"ChoiceOrder":[1,2,3,4,5],"GradingData":[],"Language":[],"NextChoiceId":6,"NextAnswerId":2,"Answers":{"1":{"Display":"Rating","ExclusiveAnswer":true}},"AnswerOrder":[1],"ChoiceDataExportTags":{"1":"Celebrate_Bass_HTDemucs","2":"Celebrate_Bass_Ref","3":"Celebrate_Bass_Spleeter","4":"Celebrate_Bass_Anchor","5":"Celebrate_Bass_Dv2"},"AnswerColumns":1,"ClarifyingSymbolType":"None","SubSelector":"Short","Validation":{"Settings":{"ForceResponse":"RequestResponse","ForceResponseType":"RequestResponse","Type":"ContentType","MinChars":"1","ContentType":"ValidNumber","ValidDateType":"DateWithFormat","ValidPhoneType":"ValidUSPhone","ValidZipType":"ValidUSZip","ValidNumber":{"Min":"0","Max":"100","NumDecimals":""}}},"QuestionText_Unsafe":"Please listen to each of the separated <b><i><u>bass<\/u><\/i><\/b>&nbsp;sources below. Then use the text input to give each a numerical rating,&nbsp;from 0 (Bad) to 100 (Excellent).&nbsp;Consider both the presence of external artifacts and the overall audio quality.&nbsp; Play each audio clip as often as you need. There are no right\/wrong answers &mdash; use your perception.","DataExportTag":"Celebrate_Bass_Q","QuestionID":"QID40","Randomization":{"Advanced":null,"TotalRandSubset":"","Type":"All"}}},{"SurveyID":"SV_6DX10JIQ95KWbjg","Element":"SQ","PrimaryAttribute":"QID41","SecondaryAttribute":"Listen to this excerpt from an original mix: \u00a0","TertiaryAttribute":null,"Payload":{"QuestionText":"<div style=\"text-align: center;\">Listen to this excerpt from an original mix:<br \/>\n<audio class=\"qmedia\" controls=\"true\" height=\"40\" preload=\"auto\" width=\"320\"><source src=\"https:\/\/umiami.qualtrics.com\/CP\/File.php?F=F_zqshwaQKFMLk1ym\" type=\"audio\/wav\" \/><embed class=\"qmedia\" flashconsts=\"file=https:\/\/umiami.qualtrics.com\/CP\/File.php?F=F_zqshwaQKFMLk1ym&amp;width=320&amp;height=20&amp;type=wav&amp;autostart=false\" height=\"20\" pluginspage=\"http:\/\/adobe.com\/flashplayer\/\" src=\"\/WRQualtricsShared\/Flash\/flvplayer.swf\" type=\"application\/x-shockwave-flash\" width=\"320\" wmode=\"transparent\" \/><\/audio>\n<\/div>\n\n<div style=\"text-align: center;\"><br \/>\n&nbsp;<\/div>","DefaultChoices":false,"QuestionType":"DB","Selector":"TB","DataVisibility":{"Private":false,"Hidden":false},"Configuration":{"QuestionDescriptionOption":"UseText"},"QuestionDescription":"Listen to this excerpt from an original mix: \u00a0","ChoiceOrder":[],"Validation":{"Settings":{"Type":"None"}},"GradingData":[],"Language":[],"NextChoiceId":4,"NextAnswerId":1,"QuestionText_Unsafe":"<div style=\"text-align: center;\">Listen to this excerpt from an original mix:<br><br><\/div>","DataExportTag":"DropNoir_Drums_Mix","QuestionID":"QID41"}},{"SurveyID":"SV_6DX10JIQ95KWbjg","Element":"SQ","PrimaryAttribute":"QID42","SecondaryAttribute":"Please listen to all of the separated drums sources below. Then use the text input to give each a...","TertiaryAttribute":null,"Payload":{"QuestionText":"Please listen to all of the separated <u><em><strong>drums<\/strong><\/em><\/u> sources below. Then use the text input to give each a numerical rating,&nbsp;from 0 (Bad) to 100 (Excellent).&nbsp;Consider both the presence of external artifacts and the overall audio quality.&nbsp; Play each audio clip as often as you need. There are no right\/wrong answers \u2014 use your perception.","DefaultChoices":false,"QuestionType":"Matrix","Selector":"TE","DataVisibility":{"Private":false,"Hidden":false},"Configuration":{"QuestionDescriptionOption":"UseText","TextPosition":"inline","ChoiceColumnWidth":25,"RepeatHeaders":"none","MobileFirst":false},"QuestionDescription":"Please listen to all of the separated drums sources below. Then use the text input to give each a...","Choices":{"1":{"Display":"<audio class=\"qmedia\" controls=\"true\" height=\"40\" preload=\"auto\" width=\"320\"><source src=\"https:\/\/umiami.qualtrics.com\/CP\/File.php?F=F_6YlAN7XD4L0tXgP\" type=\"audio\/wav\" \/><embed class=\"qmedia\" flashconsts=\"file=https:\/\/umiami.qualtrics.com\/CP\/File.php?F=F_6YlAN7XD4L0tXgP&amp;width=320&amp;height=20&amp;type=wav&amp;autostart=false\" height=\"20\" pluginspage=\"http:\/\/adobe.com\/flashplayer\/\" src=\"\/WRQualtricsShared\/Flash\/flvplayer.swf\" type=\"application\/x-shockwave-flash\" width=\"320\" wmode=\"transparent\" \/><\/audio>"},"2":{"Display":"<audio class=\"qmedia\" controls=\"true\" height=\"40\" preload=\"auto\" width=\"320\"><source src=\"https:\/\/umiami.qualtrics.com\/CP\/File.php?F=F_2utDdT5XinCn9ha\" type=\"audio\/wav\" \/><embed class=\"qmedia\" flashconsts=\"file=https:\/\/umiami.qualtrics.com\/CP\/File.php?F=F_2utDdT5XinCn9ha&amp;width=320&amp;height=20&amp;type=wav&amp;autostart=false\" height=\"20\" pluginspage=\"http:\/\/adobe.com\/flashplayer\/\" src=\"\/WRQualtricsShared\/Flash\/flvplayer.swf\" type=\"application\/x-shockwave-flash\" width=\"320\" wmode=\"transparent\" \/><\/audio>"},"3":{"Display":"<audio class=\"qmedia\" controls=\"true\" height=\"40\" preload=\"auto\" width=\"320\"><source src=\"https:\/\/umiami.qualtrics.com\/CP\/File.php?F=F_dw0zP8Y3EdyvYbG\" type=\"audio\/wav\" \/><embed class=\"qmedia\" flashconsts=\"file=https:\/\/umiami.qualtrics.com\/CP\/File.php?F=F_dw0zP8Y3EdyvYbG&amp;width=320&amp;height=20&amp;type=wav&amp;autostart=false\" height=\"20\" pluginspage=\"http:\/\/adobe.com\/flashplayer\/\" src=\"\/WRQualtricsShared\/Flash\/flvplayer.swf\" type=\"application\/x-shockwave-flash\" width=\"320\" wmode=\"transparent\" \/><\/audio>"},"4":{"Display":"<audio class=\"qmedia\" controls=\"true\" height=\"40\" preload=\"auto\" width=\"320\"><source src=\"https:\/\/umiami.qualtrics.com\/CP\/File.php?F=F_ZstZRVJqotWpF81\" type=\"audio\/wav\" \/><embed class=\"qmedia\" flashconsts=\"file=https:\/\/umiami.qualtrics.com\/CP\/File.php?F=F_ZstZRVJqotWpF81&amp;width=320&amp;height=20&amp;type=wav&amp;autostart=false\" height=\"20\" pluginspage=\"http:\/\/adobe.com\/flashplayer\/\" src=\"\/WRQualtricsShared\/Flash\/flvplayer.swf\" type=\"application\/x-shockwave-flash\" width=\"320\" wmode=\"transparent\" \/><\/audio>"},"5":{"Display":"<audio class=\"qmedia\" controls=\"true\" height=\"40\" preload=\"auto\" width=\"320\"><source src=\"https:\/\/umiami.qualtrics.com\/CP\/File.php?F=F_K47oN1dsgcspaUm\" type=\"audio\/wav\" \/><embed class=\"qmedia\" flashconsts=\"file=https:\/\/umiami.qualtrics.com\/CP\/File.php?F=F_K47oN1dsgcspaUm&amp;width=320&amp;height=20&amp;type=wav&amp;autostart=false\" height=\"20\" pluginspage=\"http:\/\/adobe.com\/flashplayer\/\" src=\"\/WRQualtricsShared\/Flash\/flvplayer.swf\" type=\"application\/x-shockwave-flash\" width=\"320\" wmode=\"transparent\" \/><\/audio>"}},"ChoiceOrder":[1,2,3,4,5],"GradingData":[],"Language":[],"NextChoiceId":6,"NextAnswerId":2,"Answers":{"1":{"Display":"Rating","ExclusiveAnswer":true}},"AnswerOrder":[1],"ChoiceDataExportTags":{"1":"DropNoir_Drums_HTD","2":"DropNoir_Drums_Ref","3":"DropNoir_Drums_Spl","4":"DropNoir_Drums_Anch","5":"DropNoir_Drums_Dv2"},"AnswerColumns":1,"ClarifyingSymbolType":"None","SubSelector":"Short","Validation":{"Settings":{"ForceResponse":"RequestResponse","ForceResponseType":"RequestResponse","Type":"ContentType","MinChars":"1","ContentType":"ValidNumber","ValidDateType":"DateWithFormat","ValidPhoneType":"ValidUSPhone","ValidZipType":"ValidUSZip","ValidNumber":{"Min":"0","Max":"100","NumDecimals":""}}},"QuestionText_Unsafe":"Please listen to each of the separated <u><em><strong>drums<\/strong><\/em><\/u> sources below. Then use the text input to give each a numerical rating,&nbsp;from 0 (Bad) to 100 (Excellent).&nbsp;Consider both the presence of external artifacts and the overall audio quality.&nbsp; Play each audio clip as often as you need. There are no right\/wrong answers &mdash; use your perception.","DataExportTag":"DropNoir_Drums_Q","QuestionID":"QID42"}},{"SurveyID":"SV_6DX10JIQ95KWbjg","Element":"SQ","PrimaryAttribute":"QID43","SecondaryAttribute":"IMPORTANT: \u00a0 Accurately completing this survey requires critical listening across the audible spe..","TertiaryAttribute":null,"Payload":{"QuestionText":"<div style=\"text-align: center;\">IMPORTANT:<br \/>\n&nbsp;<\/div>\n\n<div style=\"text-align: left;\">Accurately completing this survey requires critical listening across the audible spectrum. For that reason it is <u><em>highly encouraged<\/em><\/u> that you take this survey with a quality playback device and in a quiet listening environment. You will be asked to self-report both the state of your listening environment and what playback device you are using.<\/div>","DefaultChoices":false,"DataExportTag":"Q25","QuestionID":"QID43","QuestionType":"MC","Selector":"SAVR","SubSelector":"TX","DataVisibility":{"Private":false,"Hidden":false},"Configuration":{"QuestionDescriptionOption":"UseText"},"QuestionDescription":"IMPORTANT: \u00a0 Accurately completing this survey requires critical listening across the audible spe...","Choices":{"1":{"Display":"I have read and understand the above information"}},"ChoiceOrder":[1],"Validation":{"Settings":{"ForceResponse":"ON","ForceResponseType":"ON","Type":"None"}},"GradingData":[],"Language":[],"NextChoiceId":2,"NextAnswerId":1}},{"SurveyID":"SV_6DX10JIQ95KWbjg","Element":"SQ","PrimaryAttribute":"QID44","SecondaryAttribute":"What playback device (i.e. laptop speakers, headphones, etc.) are you taking this survey on?","TertiaryAttribute":null,"Payload":{"QuestionText":"What playback device (i.e. laptop speakers, headphones, etc.) are you taking this survey on?","DefaultChoices":false,"DataExportTag":"Playback Device","QuestionType":"TE","Selector":"ML","DataVisibility":{"Private":false,"Hidden":false},"Configuration":{"QuestionDescriptionOption":"UseText"},"QuestionDescription":"What playback device (i.e. laptop speakers, headphones, etc.) are you taking this survey on?","Validation":{"Settings":{"ForceResponse":"ON","ForceResponseType":"ON","Type":"None"}},"GradingData":[],"Language":[],"NextChoiceId":4,"NextAnswerId":1,"SearchSource":{"AllowFreeResponse":"false"},"QuestionID":"QID44"}},{"SurveyID":"SV_6DX10JIQ95KWbjg","Element":"SQ","PrimaryAttribute":"QID45","SecondaryAttribute":"Here is your study validation code:\u00a0 \u00a0","TertiaryAttribute":null,"Payload":{"QuestionText":"Here is your study validation code:&nbsp;<br \/>\n<script>\n  const n = Math.floor(Math.random() * 10) + 70;\n  console.log(n);\n<\/script>\n<br \/>\n&nbsp;","DefaultChoices":false,"DataExportTag":"Q27","QuestionType":"DB","Selector":"TB","DataVisibility":{"Private":false,"Hidden":false},"Configuration":{"QuestionDescriptionOption":"UseText"},"QuestionDescription":"Here is your study validation code:\u00a0 \u00a0","ChoiceOrder":[],"Validation":{"Settings":{"Type":"None"}},"GradingData":[],"Language":[],"NextChoiceId":4,"NextAnswerId":1,"QuestionID":"QID45","QuestionJS":"Qualtrics.SurveyEngine.addOnload(function()\n{\n\t\/*Place your JavaScript here to run when the page loads*\/\n\n});\n\nQualtrics.SurveyEngine.addOnReady(function()\n{\n\t\/*Place your JavaScript here to run when the page is fully displayed*\/\nvar n = Math.floor(Math.random() * 1000) + 7000;\nconsole.log(n);\n\/\/ Example: display in question text\njQuery(\"#\" + this.getQuestionInfo().QuestionID + \" .QuestionText\").append(\"<p>\" + n + \"<\/p>\");\n});\n\nQualtrics.SurveyEngine.addOnUnload(function()\n{\n\t\/*Place your JavaScript here to run when the page is unloaded*\/\n\n});"}},{"SurveyID":"SV_6DX10JIQ95KWbjg","Element":"SQ","PrimaryAttribute":"QID46","SecondaryAttribute":"How old are you?","TertiaryAttribute":null,"Payload":{"ChoiceOrder":[1,2,3,4,5,6,7],"Choices":{"1":{"Display":"Under 18"},"2":{"Display":"18-24 years old"},"3":{"Display":"25-34 years old"},"4":{"Display":"35-44 years old"},"5":{"Display":"45-54 years old"},"6":{"Display":"55-64 years old"},"7":{"Display":"65+ years old"}},"Configuration":{"QuestionDescriptionOption":"UseText"},"DataVisibility":{"Hidden":false,"Private":false},"GradingData":[],"Language":{"DE":{"Choices":{"1":{"Display":"Unter 18"},"2":{"Display":"18-24 Jahre"},"3":{"Display":"25-34 Jahre"},"4":{"Display":"35-44 Jahre"},"5":{"Display":"45-54 Jahre"},"6":{"Display":"55-64 Jahre"},"7":{"Display":"Ab 65 Jahre"}},"QuestionText":"Alter"},"EN-GB":{"Choices":{"1":{"Display":"Under 18"},"2":{"Display":"18-24 years old"},"3":{"Display":"25-34 years old"},"4":{"Display":"35-44 years old"},"5":{"Display":"45-54 years old"},"6":{"Display":"55-64 years old"},"7":{"Display":"65+ years old"}},"QuestionText":"How old are you?"},"ES":{"Choices":{"1":{"Display":"Menor de 18"},"2":{"Display":"Entre 18 y 24 a\u00f1os de edad"},"3":{"Display":"Entre 25 y 34 a\u00f1os de edad"},"4":{"Display":"Entre 35 y 44 a\u00f1os de edad"},"5":{"Display":"Entre 45 y 54 a\u00f1os de edad"},"6":{"Display":"Entre 55 y 64 a\u00f1os de edad"},"7":{"Display":"M\u00e1s de 65 a\u00f1os de edad"}},"QuestionText":"\u00bfQu\u00e9 edad tiene?"},"ES-ES":{"Choices":{"1":{"Display":"Menos de 18\u00a0a\u00f1os"},"2":{"Display":"18-24 a\u00f1os"},"3":{"Display":"25-34 a\u00f1os"},"4":{"Display":"35-44 a\u00f1os"},"5":{"Display":"45-54 a\u00f1os"},"6":{"Display":"55-64 a\u00f1os"},"7":{"Display":"+65 a\u00f1os"}},"QuestionText":"\u00bfQu\u00e9 edad tiene?"},"FR":{"Choices":{"1":{"Display":"Moins de 18\u00a0ans"},"2":{"Display":"Entre 18 et 24 ans"},"3":{"Display":"Entre 25 et 34 ans"},"4":{"Display":"Entre 35 et 44 ans"},"5":{"Display":"Entre 45 et 54 ans"},"6":{"Display":"Entre 55 et 64 ans"},"7":{"Display":"+ de 65 ans"}},"QuestionText":"Quel \u00e2ge avez-vous\u00a0?"},"IT":{"Choices":{"1":{"Display":"Meno di 18 anni"},"2":{"Display":"18-24 anni"},"3":{"Display":"25-34 anni"},"4":{"Display":"35-44 anni"},"5":{"Display":"45-54 anni"},"6":{"Display":"55-64 anni"},"7":{"Display":"Dai 65 anni in su"}},"QuestionText":"Quanti anni hai?"},"JA":{"Choices":{"1":{"Display":"17\u6b73\u4ee5\u4e0b"},"2":{"Display":"18-24\u6b73"},"3":{"Display":"25-34\u6b73"},"4":{"Display":"35-44\u6b73"},"5":{"Display":"45-54\u6b73"},"6":{"Display":"55-64\u6b73"},"7":{"Display":"65\u6b73\u4ee5\u4e0a"}},"QuestionText":"\u5e74\u9f62\u3092\u304a\u7b54\u3048\u304f\u3060\u3055\u3044\u3002"},"KO":{"Choices":{"1":{"Display":"\ub9cc 18\uc138 \ubbf8\ub9cc"},"2":{"Display":"18~24\uc138"},"3":{"Display":"25~34\uc138"},"4":{"Display":"35~44\uc138"},"5":{"Display":"45~54\uc138"},"6":{"Display":"55~64\uc138"},"7":{"Display":"65\uc138 \uc774\uc0c1"}},"QuestionText":"\ub098\uc774\ub294 \uba87 \uc0b4\uc785\ub2c8\uae4c?"},"NL":{"Choices":{"1":{"Display":"Jonger dan 18"},"2":{"Display":"18-24 jaar"},"3":{"Display":"25-34 jaar"},"4":{"Display":"35-44 jaar"},"5":{"Display":"45-54 jaar"},"6":{"Display":"55-64 jaar"},"7":{"Display":"65+"}},"QuestionText":"Hoe oud bent u?"},"PT-BR":{"Choices":{"1":{"Display":"Menos de 18"},"2":{"Display":"18 a 24 anos"},"3":{"Display":"25 a 34 anos"},"4":{"Display":"35 a 44 anos"},"5":{"Display":"45 a 54 anos"},"6":{"Display":"55 a 64 anos"},"7":{"Display":"65 anos ou mais"}},"QuestionText":"Qual \u00e9 a sua idade?"},"ZH-S":{"Choices":{"1":{"Display":"18 \u5c81\u4ee5\u4e0b"},"2":{"Display":"18-24 \u5c81"},"3":{"Display":"25-34 \u5c81"},"4":{"Display":"35-44 \u5c81"},"5":{"Display":"45-54 \u5c81"},"6":{"Display":"55-64 \u5c81"},"7":{"Display":"65 \u5c81\u4ee5\u4e0a"}},"QuestionText":"\u60a8\u7684\u5e74\u9f84\u662f\uff1f"},"ZH-T":{"Choices":{"1":{"Display":"\u4e0d\u5230 18 \u6b72"},"2":{"Display":"18-24 \u6b72"},"3":{"Display":"25-34 \u6b72"},"4":{"Display":"35-44 \u6b72"},"5":{"Display":"45-54 \u6b72"},"6":{"Display":"55-64 \u6b72"},"7":{"Display":"65 \u6b72\u4ee5\u4e0a"}},"QuestionText":"\u60a8\u5e7e\u6b72\uff1f"}},"NextAnswerId":1,"NextChoiceId":8,"QuestionDescription":"How old are you?","QuestionText":"How old are you?","QuestionText_Unsafe":"How old are you?","QuestionType":"MC","ReferenceQuestionConfig":{"instanceOf":{"id":"RQ_OhWcN0iu9Pioww2","version":"v2.0.0"}},"SchemaConfig":{"ChoiceMapping":{"1":"enu:\/\/lessthan18","2":"enu:\/\/18-24","3":"enu:\/\/25-34","4":"enu:\/\/35-44","5":"enu:\/\/45-54","6":"enu:\/\/55-64","7":"enu:\/\/65andolder"},"ChoiceMappingType":"Member","ConfigVersion":"1.0.0","Reconfirm":true,"URL":"ses:\/\/agerange","XMDConnect":true},"Selector":"SAVR","SubSelector":"TX","Validation":{"Settings":{"ForceResponse":"OFF","ForceResponseType":"ON","Type":"None"}},"DataExportTag":"Q46","QuestionID":"QID46"}},{"SurveyID":"SV_6DX10JIQ95KWbjg","Element":"SQ","PrimaryAttribute":"QID47","SecondaryAttribute":"How do you describe yourself?","TertiaryAttribute":null,"Payload":{"ChoiceOrder":[1,2,3,4,5],"Choices":{"1":{"Display":"Male"},"2":{"Display":"Female"},"3":{"Display":"Non-binary \/ third gender"},"4":{"Display":"Prefer to self-describe","TextEntry":"true"},"5":{"Display":"Prefer not to say"}},"Configuration":{"QuestionDescriptionOption":"UseText"},"DataVisibility":{"Hidden":false,"Private":false},"GradingData":[],"Language":{"DE":{"Choices":{"1":{"Display":"M\u00e4nnlich"},"2":{"Display":"Weiblich"},"3":{"Display":"Nichtbin\u00e4r\/drittes Geschlecht"},"4":{"Display":"Selbstbeschreibung bevorzugt"},"5":{"Display":"Keine Angabe"}},"QuestionText":"Wie beschreiben Sie sich selbst?"},"EN-GB":{"Choices":{"1":{"Display":"Male"},"2":{"Display":"Female"},"3":{"Display":"Non-binary \/ third gender"},"4":{"Display":"Prefer to self-describe"},"5":{"Display":"Prefer not to say"}},"QuestionText":"How do you describe yourself?"},"ES":{"Choices":{"1":{"Display":"Masculino"},"2":{"Display":"Femenino"},"3":{"Display":"No binario \/ tercer sexo"},"4":{"Display":"Preferencia de autodescripci\u00f3n"},"5":{"Display":"Preferencia de no especificar"}},"QuestionText":"\u00bfC\u00f3mo se describe a usted mismo?"},"ES-ES":{"Choices":{"1":{"Display":"Masculino"},"2":{"Display":"Femenino"},"3":{"Display":"No binario \/ tercer g\u00e9nero"},"4":{"Display":"Prefiere autodescribirse"},"5":{"Display":"Prefiero no decirlo"}},"QuestionText":"\u00bfC\u00f3mo se describe a s\u00ed mismo?"},"FR":{"Choices":{"1":{"Display":"Un homme"},"2":{"Display":"Une femme"},"3":{"Display":"Non-binaire\/transgenre"},"4":{"Display":"Pr\u00e9f\u00e8re se d\u00e9crire soi-m\u00eame"},"5":{"Display":"Ne souhaite pas r\u00e9pondre"}},"QuestionText":"Comment vous d\u00e9crivez-vous\u00a0?"},"IT":{"Choices":{"1":{"Display":"Maschio"},"2":{"Display":"Femmina"},"3":{"Display":"Genere non-binario\/Terzo genere"},"4":{"Display":"Preferisco descrivermi personalmente"},"5":{"Display":"Preferisco non dirlo"}},"QuestionText":"Come descrivi te stesso\/a?"},"JA":{"Choices":{"1":{"Display":"\u7537\u6027"},"2":{"Display":"\u5973\u6027"},"3":{"Display":"\u30ce\u30f3\u30d0\u30a4\u30ca\u30ea\u30fc\uff0f\u7b2c\u4e09\u306e\u6027\u5225"},"4":{"Display":"\u81ea\u5206\u3067\u8a18\u8ff0\u3059\u308b"},"5":{"Display":"\u56de\u7b54\u3057\u305f\u304f\u306a\u3044"}},"QuestionText":"\u81ea\u8eab\u306e\u6027\u8a8d\u8b58"},"KO":{"Choices":{"1":{"Display":"\ub0a8\uc131"},"2":{"Display":"\uc5ec\uc131"},"3":{"Display":"\ub17c\ubc14\uc774\ub108\ub9ac\/\uc81c3\uc758 \uc131"},"4":{"Display":"\uc790\uccb4 \uc124\uba85 \uc120\ud638"},"5":{"Display":"\ub9d0\uc218\uac00 \uc801\uc740 \ud3b8"}},"QuestionText":"\ubcf8\uc778\uc744 \uc5b4\ub5bb\uac8c \uc124\uba85\ud558\uc2dc\uaca0\uc2b5\ub2c8\uae4c?"},"NL":{"Choices":{"1":{"Display":"Man"},"2":{"Display":"Vrouw"},"3":{"Display":"Non-binair\/derde geslacht"},"4":{"Display":"Ik geef liever een eigen omschrijving"},"5":{"Display":"Ik zeg dat liever niet"}},"QuestionText":"Hoe omschrijft u uzelf?"},"PT-BR":{"Choices":{"1":{"Display":"Masculino"},"2":{"Display":"Feminino"},"3":{"Display":"N\u00e3o bin\u00e1rio\/terceiro g\u00eanero"},"4":{"Display":"Prefere a autodescri\u00e7\u00e3o"},"5":{"Display":"Prefere n\u00e3o dizer"}},"QuestionText":"Como voc\u00ea se descreve?"},"ZH-S":{"Choices":{"1":{"Display":"\u7537"},"2":{"Display":"\u5973"},"3":{"Display":"\u975e\u4e8c\u5143\u6027\u522b\/\u7b2c\u4e09\u6027\u522b"},"4":{"Display":"\u66f4\u5e0c\u671b\u81ea\u6211\u63cf\u8ff0"},"5":{"Display":"\u4fdd\u5bc6"}},"QuestionText":"\u60a8\u4f1a\u5982\u4f55\u5f62\u5bb9\u81ea\u5df1\uff1f"},"ZH-T":{"Choices":{"1":{"Display":"\u7537"},"2":{"Display":"\u5973"},"3":{"Display":"\u975e\u4e8c\u5143\u6027\u5225\/\u7b2c\u4e09\u6027\u5225"},"4":{"Display":"\u5e0c\u671b\u81ea\u5df1\u63cf\u8ff0"},"5":{"Display":"\u4fdd\u5bc6"}},"QuestionText":"\u60a8\u5982\u4f55\u63cf\u8ff0\u81ea\u5df1\uff1f"}},"NextAnswerId":1,"NextChoiceId":6,"QuestionDescription":"How do you describe yourself?","QuestionText":"How do you describe yourself?","QuestionText_Unsafe":"How do you describe yourself?","QuestionType":"MC","ReferenceQuestionConfig":{"instanceOf":{"id":"RQ_qlbaoGS6Hd15XPb","version":"v2.0.0"}},"SchemaConfig":{"ChoiceMapping":{"1":"enu:\/\/male","2":"enu:\/\/female","3":"enu:\/\/nonbinary","4":"enu:\/\/selfdescribe","5":"enu:\/\/prefernottosay"},"ChoiceMappingType":"Member","ChoiceTextMapping":{"4":"ses:\/\/genderselfdescribe"},"ConfigVersion":"1.0.0","Reconfirm":true,"URL":"ses:\/\/gender","XMDConnect":true},"Selector":"SAVR","SubSelector":"TX","Validation":{"Settings":{"ForceResponse":"OFF","ForceResponseType":"ON","Type":"None"}},"DataExportTag":"Q47","QuestionID":"QID47"}},{"SurveyID":"SV_6DX10JIQ95KWbjg","Element":"STAT","PrimaryAttribute":"Survey Statistics","SecondaryAttribute":null,"TertiaryAttribute":null,"Payload":{"MobileCompatible":true,"ID":"Survey Statistics"}}]}